// !$*UTF8*$!
{
	archiveVersion = 1;
	classes = {
	};
	objectVersion = 52;
	objects = {

/* Begin PBXBuildFile section */
		FD3212E82522B51900EE0B9E /* SignUpViewModel.swift in Sources */ = {isa = PBXBuildFile; fileRef = FD3212E72522B51900EE0B9E /* SignUpViewModel.swift */; };
		FD3212F62522B94A00EE0B9E /* SignUpMapper.swift in Sources */ = {isa = PBXBuildFile; fileRef = FD3212F52522B94A00EE0B9E /* SignUpMapper.swift */; };
		FD3213062522BA8900EE0B9E /* AlertViewSpy.swift in Sources */ = {isa = PBXBuildFile; fileRef = FD3213052522BA8900EE0B9E /* AlertViewSpy.swift */; };
		FD3213152522BA9C00EE0B9E /* LoadingViewSpy.swift in Sources */ = {isa = PBXBuildFile; fileRef = FD3213142522BA9C00EE0B9E /* LoadingViewSpy.swift */; };
		FD3213242522BAC500EE0B9E /* EmailValidatorSpy.swift in Sources */ = {isa = PBXBuildFile; fileRef = FD3213232522BAC500EE0B9E /* EmailValidatorSpy.swift */; };
		FD5459842511A5C900C06B60 /* Extension+XCTestCase.swift in Sources */ = {isa = PBXBuildFile; fileRef = FD5459832511A5C900C06B60 /* Extension+XCTestCase.swift */; };
		FD5459852511A67B00C06B60 /* Extension+XCTestCase.swift in Sources */ = {isa = PBXBuildFile; fileRef = FD5459832511A5C900C06B60 /* Extension+XCTestCase.swift */; };
		FD617CCD250AFB800076E645 /* Extension+Data.swift in Sources */ = {isa = PBXBuildFile; fileRef = FD617CCC250AFB800076E645 /* Extension+Data.swift */; };
		FD61BAE925183BA5002376D9 /* Data.framework in Frameworks */ = {isa = PBXBuildFile; fileRef = FDE632F22505E9E500EDBF9C /* Data.framework */; };
		FD61BAF425183C22002376D9 /* AddAccountIntegrationTests.swift in Sources */ = {isa = PBXBuildFile; fileRef = FD61BAF325183C22002376D9 /* AddAccountIntegrationTests.swift */; };
		FD61BB032518410E002376D9 /* Presentation.framework in Frameworks */ = {isa = PBXBuildFile; fileRef = FD61BAFA2518410E002376D9 /* Presentation.framework */; };
		FD61BB082518410E002376D9 /* SignUpPresentationTests.swift in Sources */ = {isa = PBXBuildFile; fileRef = FD61BB072518410E002376D9 /* SignUpPresentationTests.swift */; };
		FD61BB12251855AC002376D9 /* SignUpPresenter.swift in Sources */ = {isa = PBXBuildFile; fileRef = FD61BB11251855AC002376D9 /* SignUpPresenter.swift */; };
		FD61BB172518566C002376D9 /* AlertView.swift in Sources */ = {isa = PBXBuildFile; fileRef = FD61BB162518566C002376D9 /* AlertView.swift */; };
		FD7E3ED025196DB000E7325C /* EmailValidator.swift in Sources */ = {isa = PBXBuildFile; fileRef = FD7E3ECF25196DB000E7325C /* EmailValidator.swift */; };
		FD7E3ED32519842400E7325C /* AccountModelFactory.swift in Sources */ = {isa = PBXBuildFile; fileRef = FD7E3ED22519842400E7325C /* AccountModelFactory.swift */; };
		FD7E3ED42519849700E7325C /* AccountModelFactory.swift in Sources */ = {isa = PBXBuildFile; fileRef = FD7E3ED22519842400E7325C /* AccountModelFactory.swift */; };
		FD7E3ED72519880700E7325C /* ModelError.swift in Sources */ = {isa = PBXBuildFile; fileRef = FD7E3ED62519880700E7325C /* ModelError.swift */; };
		FD7E3ED825199B9000E7325C /* Extension+XCTestCase.swift in Sources */ = {isa = PBXBuildFile; fileRef = FD5459832511A5C900C06B60 /* Extension+XCTestCase.swift */; };
		FD7E3EDA25199F8D00E7325C /* LoadingView.swift in Sources */ = {isa = PBXBuildFile; fileRef = FD7E3ED925199F8D00E7325C /* LoadingView.swift */; };
		FDA80A30252408F3008C690D /* AddAccountSpy.swift in Sources */ = {isa = PBXBuildFile; fileRef = FDA80A2F252408F3008C690D /* AddAccountSpy.swift */; };
		FDA80A3F252409D4008C690D /* TestFactories.swift in Sources */ = {isa = PBXBuildFile; fileRef = FDA80A3E252409D4008C690D /* TestFactories.swift */; };
		FDA80A5A25240C99008C690D /* UI.framework in Frameworks */ = {isa = PBXBuildFile; fileRef = FDA80A5125240C99008C690D /* UI.framework */; };
		FDA80A5F25240C99008C690D /* SignUpViewControllerTests.swift in Sources */ = {isa = PBXBuildFile; fileRef = FDA80A5E25240C99008C690D /* SignUpViewControllerTests.swift */; };
		FDA80ABD252413CC008C690D /* SignUpViewController.swift in Sources */ = {isa = PBXBuildFile; fileRef = FDA80ABC252413CC008C690D /* SignUpViewController.swift */; };
		FDA80AC72524155D008C690D /* SignUp.storyboard in Resources */ = {isa = PBXBuildFile; fileRef = FDA80AC62524155D008C690D /* SignUp.storyboard */; };
		FDBD6632251827CE008AE445 /* AlamofireAdapter.swift in Sources */ = {isa = PBXBuildFile; fileRef = FDBD6631251827CE008AE445 /* AlamofireAdapter.swift */; };
		FDBD663625182955008AE445 /* URLProtocolStup.swift in Sources */ = {isa = PBXBuildFile; fileRef = FDBD663525182955008AE445 /* URLProtocolStup.swift */; };
		FDDC8C22250B11630023B465 /* TestFactories.swift in Sources */ = {isa = PBXBuildFile; fileRef = FDDC8C21250B11630023B465 /* TestFactories.swift */; };
		FDDC8C25250B12080023B465 /* HttpClientSpy.swift in Sources */ = {isa = PBXBuildFile; fileRef = FDDC8C24250B12080023B465 /* HttpClientSpy.swift */; };
		FDDC8C28250B12CE0023B465 /* AccountModelFactory.swift in Sources */ = {isa = PBXBuildFile; fileRef = FDDC8C27250B12CE0023B465 /* AccountModelFactory.swift */; };
		FDDC8C37250B14180023B465 /* Infra.framework in Frameworks */ = {isa = PBXBuildFile; fileRef = FDDC8C2E250B14180023B465 /* Infra.framework */; };
		FDDC8C46250B14620023B465 /* AlamofireAdapterTests.swift in Sources */ = {isa = PBXBuildFile; fileRef = FDDC8C45250B14620023B465 /* AlamofireAdapterTests.swift */; };
		FDDC8C47250B15330023B465 /* Data.framework in Frameworks */ = {isa = PBXBuildFile; fileRef = FDE632F22505E9E500EDBF9C /* Data.framework */; };
		FDDC8C48250B15330023B465 /* Data.framework in Embed Frameworks */ = {isa = PBXBuildFile; fileRef = FDE632F22505E9E500EDBF9C /* Data.framework */; settings = {ATTRIBUTES = (CodeSignOnCopy, RemoveHeadersOnCopy, ); }; };
		FDDC8C4C250B153C0023B465 /* HttpClientSpy.swift in Sources */ = {isa = PBXBuildFile; fileRef = FDDC8C24250B12080023B465 /* HttpClientSpy.swift */; };
		FDDC8C4D250B15400023B465 /* TestFactories.swift in Sources */ = {isa = PBXBuildFile; fileRef = FDDC8C21250B11630023B465 /* TestFactories.swift */; };
		FDDC8C53250B182A0023B465 /* Alamofire in Frameworks */ = {isa = PBXBuildFile; productRef = FDDC8C52250B182A0023B465 /* Alamofire */; };
		FDE632EA2505E8F700EDBF9C /* AddAccount.swift in Sources */ = {isa = PBXBuildFile; fileRef = FDE632E92505E8F700EDBF9C /* AddAccount.swift */; };
		FDE632EC2505E97E00EDBF9C /* AccountModel.swift in Sources */ = {isa = PBXBuildFile; fileRef = FDE632EB2505E97E00EDBF9C /* AccountModel.swift */; };
		FDE632FB2505E9E500EDBF9C /* Data.framework in Frameworks */ = {isa = PBXBuildFile; fileRef = FDE632F22505E9E500EDBF9C /* Data.framework */; };
		FDE633002505E9E500EDBF9C /* RemoteAddAccountTests.swift in Sources */ = {isa = PBXBuildFile; fileRef = FDE632FF2505E9E500EDBF9C /* RemoteAddAccountTests.swift */; };
		FDE6330A2505E9EC00EDBF9C /* Domain.framework in Frameworks */ = {isa = PBXBuildFile; fileRef = FDE632E12505E8D200EDBF9C /* Domain.framework */; };
		FDE6330B2505E9EC00EDBF9C /* Domain.framework in Embed Frameworks */ = {isa = PBXBuildFile; fileRef = FDE632E12505E8D200EDBF9C /* Domain.framework */; settings = {ATTRIBUTES = (CodeSignOnCopy, RemoveHeadersOnCopy, ); }; };
		FDE633102505F95400EDBF9C /* Model.swift in Sources */ = {isa = PBXBuildFile; fileRef = FDE6330F2505F95400EDBF9C /* Model.swift */; };
		FDE633122505FAF900EDBF9C /* RemoteAddAccount.swift in Sources */ = {isa = PBXBuildFile; fileRef = FDE633112505FAF900EDBF9C /* RemoteAddAccount.swift */; };
		FDE633142505FB2900EDBF9C /* HttpPostClient.swift in Sources */ = {isa = PBXBuildFile; fileRef = FDE633132505FB2900EDBF9C /* HttpPostClient.swift */; };
		FDE6331C2506BC5600EDBF9C /* DomainError.swift in Sources */ = {isa = PBXBuildFile; fileRef = FDE6331B2506BC5600EDBF9C /* DomainError.swift */; };
		FDE6331E2506BCB300EDBF9C /* HttpClientError.swift in Sources */ = {isa = PBXBuildFile; fileRef = FDE6331D2506BCB300EDBF9C /* HttpClientError.swift */; };
/* End PBXBuildFile section */

/* Begin PBXContainerItemProxy section */
		FD61BAEA25183BA5002376D9 /* PBXContainerItemProxy */ = {
			isa = PBXContainerItemProxy;
			containerPortal = FDE632C82505E88E00EDBF9C /* Project object */;
			proxyType = 1;
			remoteGlobalIDString = FDE632F12505E9E500EDBF9C;
			remoteInfo = Data;
		};
		FD61BAEF25183BAE002376D9 /* PBXContainerItemProxy */ = {
			isa = PBXContainerItemProxy;
			containerPortal = FDE632C82505E88E00EDBF9C /* Project object */;
			proxyType = 1;
			remoteGlobalIDString = FDE632E02505E8D200EDBF9C;
			remoteInfo = Domain;
		};
		FD61BAF125183BAE002376D9 /* PBXContainerItemProxy */ = {
			isa = PBXContainerItemProxy;
			containerPortal = FDE632C82505E88E00EDBF9C /* Project object */;
			proxyType = 1;
			remoteGlobalIDString = FDDC8C2D250B14180023B465;
			remoteInfo = Infra;
		};
		FD61BB042518410E002376D9 /* PBXContainerItemProxy */ = {
			isa = PBXContainerItemProxy;
			containerPortal = FDE632C82505E88E00EDBF9C /* Project object */;
			proxyType = 1;
			remoteGlobalIDString = FD61BAF92518410E002376D9;
			remoteInfo = Presentation;
		};
		FDA80A5B25240C99008C690D /* PBXContainerItemProxy */ = {
			isa = PBXContainerItemProxy;
			containerPortal = FDE632C82505E88E00EDBF9C /* Project object */;
			proxyType = 1;
			remoteGlobalIDString = FDA80A5025240C99008C690D;
			remoteInfo = UI;
		};
		FDA80A9025240E09008C690D /* PBXContainerItemProxy */ = {
			isa = PBXContainerItemProxy;
			containerPortal = FDE632C82505E88E00EDBF9C /* Project object */;
			proxyType = 1;
			remoteGlobalIDString = FD61BAF92518410E002376D9;
			remoteInfo = Presentation;
		};
		FDA80A9A25240FF8008C690D /* PBXContainerItemProxy */ = {
			isa = PBXContainerItemProxy;
			containerPortal = FDE632C82505E88E00EDBF9C /* Project object */;
			proxyType = 1;
			remoteGlobalIDString = FDE632E02505E8D200EDBF9C;
			remoteInfo = Domain;
		};
		FDDC8C38250B14180023B465 /* PBXContainerItemProxy */ = {
			isa = PBXContainerItemProxy;
			containerPortal = FDE632C82505E88E00EDBF9C /* Project object */;
			proxyType = 1;
			remoteGlobalIDString = FDDC8C2D250B14180023B465;
			remoteInfo = Infra;
		};
		FDDC8C49250B15330023B465 /* PBXContainerItemProxy */ = {
			isa = PBXContainerItemProxy;
			containerPortal = FDE632C82505E88E00EDBF9C /* Project object */;
			proxyType = 1;
			remoteGlobalIDString = FDE632F12505E9E500EDBF9C;
			remoteInfo = Data;
		};
		FDE632FC2505E9E500EDBF9C /* PBXContainerItemProxy */ = {
			isa = PBXContainerItemProxy;
			containerPortal = FDE632C82505E88E00EDBF9C /* Project object */;
			proxyType = 1;
			remoteGlobalIDString = FDE632F12505E9E500EDBF9C;
			remoteInfo = Data;
		};
		FDE6330C2505E9EC00EDBF9C /* PBXContainerItemProxy */ = {
			isa = PBXContainerItemProxy;
			containerPortal = FDE632C82505E88E00EDBF9C /* Project object */;
			proxyType = 1;
			remoteGlobalIDString = FDE632E02505E8D200EDBF9C;
			remoteInfo = Domain;
		};
/* End PBXContainerItemProxy section */

/* Begin PBXCopyFilesBuildPhase section */
		FDDC8C4B250B15330023B465 /* Embed Frameworks */ = {
			isa = PBXCopyFilesBuildPhase;
			buildActionMask = 2147483647;
			dstPath = "";
			dstSubfolderSpec = 10;
			files = (
				FDDC8C48250B15330023B465 /* Data.framework in Embed Frameworks */,
			);
			name = "Embed Frameworks";
			runOnlyForDeploymentPostprocessing = 0;
		};
		FDE6330E2505E9EC00EDBF9C /* Embed Frameworks */ = {
			isa = PBXCopyFilesBuildPhase;
			buildActionMask = 2147483647;
			dstPath = "";
			dstSubfolderSpec = 10;
			files = (
				FDE6330B2505E9EC00EDBF9C /* Domain.framework in Embed Frameworks */,
			);
			name = "Embed Frameworks";
			runOnlyForDeploymentPostprocessing = 0;
		};
/* End PBXCopyFilesBuildPhase section */

/* Begin PBXFileReference section */
		FD3212E72522B51900EE0B9E /* SignUpViewModel.swift */ = {isa = PBXFileReference; lastKnownFileType = sourcecode.swift; path = SignUpViewModel.swift; sourceTree = "<group>"; };
		FD3212F52522B94A00EE0B9E /* SignUpMapper.swift */ = {isa = PBXFileReference; lastKnownFileType = sourcecode.swift; path = SignUpMapper.swift; sourceTree = "<group>"; };
		FD3213052522BA8900EE0B9E /* AlertViewSpy.swift */ = {isa = PBXFileReference; lastKnownFileType = sourcecode.swift; path = AlertViewSpy.swift; sourceTree = "<group>"; };
		FD3213142522BA9C00EE0B9E /* LoadingViewSpy.swift */ = {isa = PBXFileReference; lastKnownFileType = sourcecode.swift; path = LoadingViewSpy.swift; sourceTree = "<group>"; };
		FD3213232522BAC500EE0B9E /* EmailValidatorSpy.swift */ = {isa = PBXFileReference; lastKnownFileType = sourcecode.swift; path = EmailValidatorSpy.swift; sourceTree = "<group>"; };
		FD5459832511A5C900C06B60 /* Extension+XCTestCase.swift */ = {isa = PBXFileReference; lastKnownFileType = sourcecode.swift; path = "Extension+XCTestCase.swift"; sourceTree = "<group>"; };
		FD617CCC250AFB800076E645 /* Extension+Data.swift */ = {isa = PBXFileReference; lastKnownFileType = sourcecode.swift; path = "Extension+Data.swift"; sourceTree = "<group>"; };
		FD61BAE425183BA5002376D9 /* UseCasesIntegrationTests.xctest */ = {isa = PBXFileReference; explicitFileType = wrapper.cfbundle; includeInIndex = 0; path = UseCasesIntegrationTests.xctest; sourceTree = BUILT_PRODUCTS_DIR; };
		FD61BAE825183BA5002376D9 /* Info.plist */ = {isa = PBXFileReference; lastKnownFileType = text.plist.xml; path = Info.plist; sourceTree = "<group>"; };
		FD61BAF325183C22002376D9 /* AddAccountIntegrationTests.swift */ = {isa = PBXFileReference; lastKnownFileType = sourcecode.swift; path = AddAccountIntegrationTests.swift; sourceTree = "<group>"; };
		FD61BAFA2518410E002376D9 /* Presentation.framework */ = {isa = PBXFileReference; explicitFileType = wrapper.framework; includeInIndex = 0; path = Presentation.framework; sourceTree = BUILT_PRODUCTS_DIR; };
		FD61BAFD2518410E002376D9 /* Info.plist */ = {isa = PBXFileReference; lastKnownFileType = text.plist.xml; path = Info.plist; sourceTree = "<group>"; };
		FD61BB022518410E002376D9 /* PresentationTests.xctest */ = {isa = PBXFileReference; explicitFileType = wrapper.cfbundle; includeInIndex = 0; path = PresentationTests.xctest; sourceTree = BUILT_PRODUCTS_DIR; };
		FD61BB072518410E002376D9 /* SignUpPresentationTests.swift */ = {isa = PBXFileReference; lastKnownFileType = sourcecode.swift; path = SignUpPresentationTests.swift; sourceTree = "<group>"; };
		FD61BB092518410F002376D9 /* Info.plist */ = {isa = PBXFileReference; lastKnownFileType = text.plist.xml; path = Info.plist; sourceTree = "<group>"; };
		FD61BB11251855AC002376D9 /* SignUpPresenter.swift */ = {isa = PBXFileReference; lastKnownFileType = sourcecode.swift; path = SignUpPresenter.swift; sourceTree = "<group>"; };
		FD61BB162518566C002376D9 /* AlertView.swift */ = {isa = PBXFileReference; lastKnownFileType = sourcecode.swift; path = AlertView.swift; sourceTree = "<group>"; };
		FD7E3ECF25196DB000E7325C /* EmailValidator.swift */ = {isa = PBXFileReference; lastKnownFileType = sourcecode.swift; path = EmailValidator.swift; sourceTree = "<group>"; };
		FD7E3ED22519842400E7325C /* AccountModelFactory.swift */ = {isa = PBXFileReference; lastKnownFileType = sourcecode.swift; path = AccountModelFactory.swift; sourceTree = "<group>"; };
		FD7E3ED62519880700E7325C /* ModelError.swift */ = {isa = PBXFileReference; lastKnownFileType = sourcecode.swift; path = ModelError.swift; sourceTree = "<group>"; };
		FD7E3ED925199F8D00E7325C /* LoadingView.swift */ = {isa = PBXFileReference; lastKnownFileType = sourcecode.swift; path = LoadingView.swift; sourceTree = "<group>"; };
		FDA80A2F252408F3008C690D /* AddAccountSpy.swift */ = {isa = PBXFileReference; lastKnownFileType = sourcecode.swift; path = AddAccountSpy.swift; sourceTree = "<group>"; };
		FDA80A3E252409D4008C690D /* TestFactories.swift */ = {isa = PBXFileReference; lastKnownFileType = sourcecode.swift; path = TestFactories.swift; sourceTree = "<group>"; };
		FDA80A5125240C99008C690D /* UI.framework */ = {isa = PBXFileReference; explicitFileType = wrapper.framework; includeInIndex = 0; path = UI.framework; sourceTree = BUILT_PRODUCTS_DIR; };
		FDA80A5425240C99008C690D /* Info.plist */ = {isa = PBXFileReference; lastKnownFileType = text.plist.xml; path = Info.plist; sourceTree = "<group>"; };
		FDA80A5925240C99008C690D /* UITests.xctest */ = {isa = PBXFileReference; explicitFileType = wrapper.cfbundle; includeInIndex = 0; path = UITests.xctest; sourceTree = BUILT_PRODUCTS_DIR; };
		FDA80A5E25240C99008C690D /* SignUpViewControllerTests.swift */ = {isa = PBXFileReference; lastKnownFileType = sourcecode.swift; path = SignUpViewControllerTests.swift; sourceTree = "<group>"; };
		FDA80A6025240C99008C690D /* Info.plist */ = {isa = PBXFileReference; lastKnownFileType = text.plist.xml; path = Info.plist; sourceTree = "<group>"; };
		FDA80ABC252413CC008C690D /* SignUpViewController.swift */ = {isa = PBXFileReference; lastKnownFileType = sourcecode.swift; path = SignUpViewController.swift; sourceTree = "<group>"; };
		FDA80AC62524155D008C690D /* SignUp.storyboard */ = {isa = PBXFileReference; lastKnownFileType = file.storyboard; path = SignUp.storyboard; sourceTree = "<group>"; };
		FDBD6631251827CE008AE445 /* AlamofireAdapter.swift */ = {isa = PBXFileReference; lastKnownFileType = sourcecode.swift; path = AlamofireAdapter.swift; sourceTree = "<group>"; };
		FDBD663525182955008AE445 /* URLProtocolStup.swift */ = {isa = PBXFileReference; lastKnownFileType = sourcecode.swift; path = URLProtocolStup.swift; sourceTree = "<group>"; };
		FDDC8C21250B11630023B465 /* TestFactories.swift */ = {isa = PBXFileReference; lastKnownFileType = sourcecode.swift; path = TestFactories.swift; sourceTree = "<group>"; };
		FDDC8C24250B12080023B465 /* HttpClientSpy.swift */ = {isa = PBXFileReference; lastKnownFileType = sourcecode.swift; path = HttpClientSpy.swift; sourceTree = "<group>"; };
		FDDC8C27250B12CE0023B465 /* AccountModelFactory.swift */ = {isa = PBXFileReference; lastKnownFileType = sourcecode.swift; path = AccountModelFactory.swift; sourceTree = "<group>"; };
		FDDC8C2E250B14180023B465 /* Infra.framework */ = {isa = PBXFileReference; explicitFileType = wrapper.framework; includeInIndex = 0; path = Infra.framework; sourceTree = BUILT_PRODUCTS_DIR; };
		FDDC8C31250B14180023B465 /* Info.plist */ = {isa = PBXFileReference; lastKnownFileType = text.plist.xml; path = Info.plist; sourceTree = "<group>"; };
		FDDC8C36250B14180023B465 /* InfraTests.xctest */ = {isa = PBXFileReference; explicitFileType = wrapper.cfbundle; includeInIndex = 0; path = InfraTests.xctest; sourceTree = BUILT_PRODUCTS_DIR; };
		FDDC8C3D250B14180023B465 /* Info.plist */ = {isa = PBXFileReference; lastKnownFileType = text.plist.xml; path = Info.plist; sourceTree = "<group>"; };
		FDDC8C45250B14620023B465 /* AlamofireAdapterTests.swift */ = {isa = PBXFileReference; lastKnownFileType = sourcecode.swift; path = AlamofireAdapterTests.swift; sourceTree = "<group>"; };
		FDE632E12505E8D200EDBF9C /* Domain.framework */ = {isa = PBXFileReference; explicitFileType = wrapper.framework; includeInIndex = 0; path = Domain.framework; sourceTree = BUILT_PRODUCTS_DIR; };
		FDE632E42505E8D200EDBF9C /* Info.plist */ = {isa = PBXFileReference; lastKnownFileType = text.plist.xml; path = Info.plist; sourceTree = "<group>"; };
		FDE632E92505E8F700EDBF9C /* AddAccount.swift */ = {isa = PBXFileReference; lastKnownFileType = sourcecode.swift; path = AddAccount.swift; sourceTree = "<group>"; };
		FDE632EB2505E97E00EDBF9C /* AccountModel.swift */ = {isa = PBXFileReference; lastKnownFileType = sourcecode.swift; path = AccountModel.swift; sourceTree = "<group>"; };
		FDE632F22505E9E500EDBF9C /* Data.framework */ = {isa = PBXFileReference; explicitFileType = wrapper.framework; includeInIndex = 0; path = Data.framework; sourceTree = BUILT_PRODUCTS_DIR; };
		FDE632F52505E9E500EDBF9C /* Info.plist */ = {isa = PBXFileReference; lastKnownFileType = text.plist.xml; path = Info.plist; sourceTree = "<group>"; };
		FDE632FA2505E9E500EDBF9C /* DataTests.xctest */ = {isa = PBXFileReference; explicitFileType = wrapper.cfbundle; includeInIndex = 0; path = DataTests.xctest; sourceTree = BUILT_PRODUCTS_DIR; };
		FDE632FF2505E9E500EDBF9C /* RemoteAddAccountTests.swift */ = {isa = PBXFileReference; lastKnownFileType = sourcecode.swift; path = RemoteAddAccountTests.swift; sourceTree = "<group>"; };
		FDE633012505E9E500EDBF9C /* Info.plist */ = {isa = PBXFileReference; lastKnownFileType = text.plist.xml; path = Info.plist; sourceTree = "<group>"; };
		FDE6330F2505F95400EDBF9C /* Model.swift */ = {isa = PBXFileReference; lastKnownFileType = sourcecode.swift; path = Model.swift; sourceTree = "<group>"; };
		FDE633112505FAF900EDBF9C /* RemoteAddAccount.swift */ = {isa = PBXFileReference; lastKnownFileType = sourcecode.swift; path = RemoteAddAccount.swift; sourceTree = "<group>"; };
		FDE633132505FB2900EDBF9C /* HttpPostClient.swift */ = {isa = PBXFileReference; lastKnownFileType = sourcecode.swift; path = HttpPostClient.swift; sourceTree = "<group>"; };
		FDE6331B2506BC5600EDBF9C /* DomainError.swift */ = {isa = PBXFileReference; lastKnownFileType = sourcecode.swift; path = DomainError.swift; sourceTree = "<group>"; };
		FDE6331D2506BCB300EDBF9C /* HttpClientError.swift */ = {isa = PBXFileReference; lastKnownFileType = sourcecode.swift; path = HttpClientError.swift; sourceTree = "<group>"; };
/* End PBXFileReference section */

/* Begin PBXFrameworksBuildPhase section */
		FD61BAE125183BA5002376D9 /* Frameworks */ = {
			isa = PBXFrameworksBuildPhase;
			buildActionMask = 2147483647;
			files = (
				FD61BAE925183BA5002376D9 /* Data.framework in Frameworks */,
			);
			runOnlyForDeploymentPostprocessing = 0;
		};
		FD61BAF72518410E002376D9 /* Frameworks */ = {
			isa = PBXFrameworksBuildPhase;
			buildActionMask = 2147483647;
			files = (
			);
			runOnlyForDeploymentPostprocessing = 0;
		};
		FD61BAFF2518410E002376D9 /* Frameworks */ = {
			isa = PBXFrameworksBuildPhase;
			buildActionMask = 2147483647;
			files = (
				FD61BB032518410E002376D9 /* Presentation.framework in Frameworks */,
			);
			runOnlyForDeploymentPostprocessing = 0;
		};
		FDA80A4E25240C99008C690D /* Frameworks */ = {
			isa = PBXFrameworksBuildPhase;
			buildActionMask = 2147483647;
			files = (
			);
			runOnlyForDeploymentPostprocessing = 0;
		};
		FDA80A5625240C99008C690D /* Frameworks */ = {
			isa = PBXFrameworksBuildPhase;
			buildActionMask = 2147483647;
			files = (
				FDA80A5A25240C99008C690D /* UI.framework in Frameworks */,
			);
			runOnlyForDeploymentPostprocessing = 0;
		};
		FDDC8C2B250B14180023B465 /* Frameworks */ = {
			isa = PBXFrameworksBuildPhase;
			buildActionMask = 2147483647;
			files = (
				FDDC8C47250B15330023B465 /* Data.framework in Frameworks */,
				FDDC8C53250B182A0023B465 /* Alamofire in Frameworks */,
			);
			runOnlyForDeploymentPostprocessing = 0;
		};
		FDDC8C33250B14180023B465 /* Frameworks */ = {
			isa = PBXFrameworksBuildPhase;
			buildActionMask = 2147483647;
			files = (
				FDDC8C37250B14180023B465 /* Infra.framework in Frameworks */,
			);
			runOnlyForDeploymentPostprocessing = 0;
		};
		FDE632DE2505E8D200EDBF9C /* Frameworks */ = {
			isa = PBXFrameworksBuildPhase;
			buildActionMask = 2147483647;
			files = (
			);
			runOnlyForDeploymentPostprocessing = 0;
		};
		FDE632EF2505E9E500EDBF9C /* Frameworks */ = {
			isa = PBXFrameworksBuildPhase;
			buildActionMask = 2147483647;
			files = (
				FDE6330A2505E9EC00EDBF9C /* Domain.framework in Frameworks */,
			);
			runOnlyForDeploymentPostprocessing = 0;
		};
		FDE632F72505E9E500EDBF9C /* Frameworks */ = {
			isa = PBXFrameworksBuildPhase;
			buildActionMask = 2147483647;
			files = (
				FDE632FB2505E9E500EDBF9C /* Data.framework in Frameworks */,
			);
			runOnlyForDeploymentPostprocessing = 0;
		};
/* End PBXFrameworksBuildPhase section */

/* Begin PBXGroup section */
		FD3212E62522B50700EE0B9E /* SignUp */ = {
			isa = PBXGroup;
			children = (
				FD61BB11251855AC002376D9 /* SignUpPresenter.swift */,
				FD3212E72522B51900EE0B9E /* SignUpViewModel.swift */,
				FD3212F52522B94A00EE0B9E /* SignUpMapper.swift */,
			);
			path = SignUp;
			sourceTree = "<group>";
		};
		FD3213032522BA3000EE0B9E /* SignUp */ = {
			isa = PBXGroup;
			children = (
				FD61BB072518410E002376D9 /* SignUpPresentationTests.swift */,
			);
			path = SignUp;
			sourceTree = "<group>";
		};
		FD3213042522BA8000EE0B9E /* View */ = {
			isa = PBXGroup;
			children = (
				FD3213052522BA8900EE0B9E /* AlertViewSpy.swift */,
				FD3213142522BA9C00EE0B9E /* LoadingViewSpy.swift */,
			);
			path = View;
			sourceTree = "<group>";
		};
		FD3213222522BAB900EE0B9E /* Validators */ = {
			isa = PBXGroup;
			children = (
				FD3213232522BAC500EE0B9E /* EmailValidatorSpy.swift */,
			);
			path = Validators;
			sourceTree = "<group>";
		};
		FD617CCB250AFB5F0076E645 /* Helpers */ = {
			isa = PBXGroup;
			children = (
				FDDC8C26250B12C30023B465 /* Factory */,
				FD617CCE250AFB840076E645 /* Extensions */,
			);
			path = Helpers;
			sourceTree = "<group>";
		};
		FD617CCE250AFB840076E645 /* Extensions */ = {
			isa = PBXGroup;
			children = (
				FD617CCC250AFB800076E645 /* Extension+Data.swift */,
			);
			path = Extensions;
			sourceTree = "<group>";
		};
		FD61BAE525183BA5002376D9 /* UseCasesIntegrationTests */ = {
			isa = PBXGroup;
			children = (
				FD61BAE825183BA5002376D9 /* Info.plist */,
				FD61BAF325183C22002376D9 /* AddAccountIntegrationTests.swift */,
			);
			path = UseCasesIntegrationTests;
			sourceTree = "<group>";
		};
		FD61BAFB2518410E002376D9 /* Presentation */ = {
			isa = PBXGroup;
			children = (
				FD61BB1A25185B5B002376D9 /* Validators */,
				FD61BB182518567A002376D9 /* Presenters */,
				FD61BB1525185659002376D9 /* Views */,
				FD61BAFD2518410E002376D9 /* Info.plist */,
			);
			path = Presentation;
			sourceTree = "<group>";
		};
		FD61BB062518410E002376D9 /* PresentationTests */ = {
			isa = PBXGroup;
			children = (
				FDA80A3D252409CB008C690D /* Helpers */,
				FDA80A2E252408DC008C690D /* UseCases */,
				FD3213222522BAB900EE0B9E /* Validators */,
				FD3213042522BA8000EE0B9E /* View */,
				FD61BB19251858B1002376D9 /* Presenters */,
				FD61BB092518410F002376D9 /* Info.plist */,
			);
			path = PresentationTests;
			sourceTree = "<group>";
		};
		FD61BB1525185659002376D9 /* Views */ = {
			isa = PBXGroup;
			children = (
				FD61BB162518566C002376D9 /* AlertView.swift */,
				FD7E3ED925199F8D00E7325C /* LoadingView.swift */,
			);
			path = Views;
			sourceTree = "<group>";
		};
		FD61BB182518567A002376D9 /* Presenters */ = {
			isa = PBXGroup;
			children = (
				FD3212E62522B50700EE0B9E /* SignUp */,
			);
			path = Presenters;
			sourceTree = "<group>";
		};
		FD61BB19251858B1002376D9 /* Presenters */ = {
			isa = PBXGroup;
			children = (
				FD3213032522BA3000EE0B9E /* SignUp */,
			);
			path = Presenters;
			sourceTree = "<group>";
		};
		FD61BB1A25185B5B002376D9 /* Validators */ = {
			isa = PBXGroup;
			children = (
				FD7E3ECF25196DB000E7325C /* EmailValidator.swift */,
			);
			name = Validators;
			sourceTree = "<group>";
		};
		FDA80A2E252408DC008C690D /* UseCases */ = {
			isa = PBXGroup;
			children = (
				FDA80A2F252408F3008C690D /* AddAccountSpy.swift */,
			);
			path = UseCases;
			sourceTree = "<group>";
		};
		FDA80A3D252409CB008C690D /* Helpers */ = {
			isa = PBXGroup;
			children = (
				FDA80A3E252409D4008C690D /* TestFactories.swift */,
			);
			path = Helpers;
			sourceTree = "<group>";
		};
		FDA80A5225240C99008C690D /* UI */ = {
			isa = PBXGroup;
			children = (
				FDA80A5425240C99008C690D /* Info.plist */,
				FDA80ABC252413CC008C690D /* SignUpViewController.swift */,
				FDA80AC62524155D008C690D /* SignUp.storyboard */,
			);
			path = UI;
			sourceTree = "<group>";
		};
		FDA80A5D25240C99008C690D /* UITests */ = {
			isa = PBXGroup;
			children = (
				FDA80A5E25240C99008C690D /* SignUpViewControllerTests.swift */,
				FDA80A6025240C99008C690D /* Info.plist */,
			);
			path = UITests;
			sourceTree = "<group>";
		};
		FDBD663325182810008AE445 /* Http */ = {
			isa = PBXGroup;
			children = (
				FDBD6631251827CE008AE445 /* AlamofireAdapter.swift */,
			);
			path = Http;
			sourceTree = "<group>";
		};
		FDBD663425182946008AE445 /* Http */ = {
			isa = PBXGroup;
			children = (
				FDBD663525182955008AE445 /* URLProtocolStup.swift */,
			);
			path = Http;
			sourceTree = "<group>";
		};
		FDDC8C20250B114D0023B465 /* Helper */ = {
			isa = PBXGroup;
			children = (
				FDDC8C21250B11630023B465 /* TestFactories.swift */,
				FD5459832511A5C900C06B60 /* Extension+XCTestCase.swift */,
				FD7E3ED22519842400E7325C /* AccountModelFactory.swift */,
			);
			path = Helper;
			sourceTree = "<group>";
		};
		FDDC8C23250B11FC0023B465 /* Http */ = {
			isa = PBXGroup;
			children = (
				FDDC8C24250B12080023B465 /* HttpClientSpy.swift */,
			);
			path = Http;
			sourceTree = "<group>";
		};
		FDDC8C26250B12C30023B465 /* Factory */ = {
			isa = PBXGroup;
			children = (
				FDDC8C27250B12CE0023B465 /* AccountModelFactory.swift */,
			);
			path = Factory;
			sourceTree = "<group>";
		};
		FDDC8C2F250B14180023B465 /* Infra */ = {
			isa = PBXGroup;
			children = (
				FDBD663325182810008AE445 /* Http */,
				FDDC8C31250B14180023B465 /* Info.plist */,
			);
			path = Infra;
			sourceTree = "<group>";
		};
		FDDC8C3A250B14180023B465 /* InfraTests */ = {
			isa = PBXGroup;
			children = (
				FDBD663425182946008AE445 /* Http */,
				FDDC8C3D250B14180023B465 /* Info.plist */,
				FDDC8C45250B14620023B465 /* AlamofireAdapterTests.swift */,
			);
			path = InfraTests;
			sourceTree = "<group>";
		};
		FDE632C72505E88E00EDBF9C = {
			isa = PBXGroup;
			children = (
				FDE632E22505E8D200EDBF9C /* Domain */,
				FDE632F32505E9E500EDBF9C /* Data */,
				FDE632FE2505E9E500EDBF9C /* DataTests */,
				FDDC8C2F250B14180023B465 /* Infra */,
				FDDC8C3A250B14180023B465 /* InfraTests */,
				FD61BAE525183BA5002376D9 /* UseCasesIntegrationTests */,
				FD61BAFB2518410E002376D9 /* Presentation */,
				FD61BB062518410E002376D9 /* PresentationTests */,
				FDA80A5225240C99008C690D /* UI */,
				FDA80A5D25240C99008C690D /* UITests */,
				FDE632D22505E88F00EDBF9C /* Products */,
				FDE633092505E9EC00EDBF9C /* Frameworks */,
			);
			sourceTree = "<group>";
		};
		FDE632D22505E88F00EDBF9C /* Products */ = {
			isa = PBXGroup;
			children = (
				FDE632E12505E8D200EDBF9C /* Domain.framework */,
				FDE632F22505E9E500EDBF9C /* Data.framework */,
				FDE632FA2505E9E500EDBF9C /* DataTests.xctest */,
				FDDC8C2E250B14180023B465 /* Infra.framework */,
				FDDC8C36250B14180023B465 /* InfraTests.xctest */,
				FD61BAE425183BA5002376D9 /* UseCasesIntegrationTests.xctest */,
				FD61BAFA2518410E002376D9 /* Presentation.framework */,
				FD61BB022518410E002376D9 /* PresentationTests.xctest */,
				FDA80A5125240C99008C690D /* UI.framework */,
				FDA80A5925240C99008C690D /* UITests.xctest */,
			);
			name = Products;
			sourceTree = "<group>";
		};
		FDE632E22505E8D200EDBF9C /* Domain */ = {
			isa = PBXGroup;
			children = (
				FDE633172506928C00EDBF9C /* UseCases */,
				FDE633162506927E00EDBF9C /* Model */,
				FDE632E42505E8D200EDBF9C /* Info.plist */,
			);
			path = Domain;
			sourceTree = "<group>";
		};
		FDE632F32505E9E500EDBF9C /* Data */ = {
			isa = PBXGroup;
			children = (
				FD617CCB250AFB5F0076E645 /* Helpers */,
				FDE633192506B4C500EDBF9C /* UseCase */,
				FDE63318250692C400EDBF9C /* Http */,
				FDE632F52505E9E500EDBF9C /* Info.plist */,
			);
			path = Data;
			sourceTree = "<group>";
		};
		FDE632FE2505E9E500EDBF9C /* DataTests */ = {
			isa = PBXGroup;
			children = (
				FDDC8C23250B11FC0023B465 /* Http */,
				FDDC8C20250B114D0023B465 /* Helper */,
				FDE6331A2506B4DD00EDBF9C /* UseCase */,
				FDE633012505E9E500EDBF9C /* Info.plist */,
			);
			path = DataTests;
			sourceTree = "<group>";
		};
		FDE633092505E9EC00EDBF9C /* Frameworks */ = {
			isa = PBXGroup;
			children = (
			);
			name = Frameworks;
			sourceTree = "<group>";
		};
		FDE633162506927E00EDBF9C /* Model */ = {
			isa = PBXGroup;
			children = (
				FDE6330F2505F95400EDBF9C /* Model.swift */,
				FDE632EB2505E97E00EDBF9C /* AccountModel.swift */,
				FD7E3ED62519880700E7325C /* ModelError.swift */,
			);
			path = Model;
			sourceTree = "<group>";
		};
		FDE633172506928C00EDBF9C /* UseCases */ = {
			isa = PBXGroup;
			children = (
				FDE632E92505E8F700EDBF9C /* AddAccount.swift */,
				FDE6331B2506BC5600EDBF9C /* DomainError.swift */,
			);
			path = UseCases;
			sourceTree = "<group>";
		};
		FDE63318250692C400EDBF9C /* Http */ = {
			isa = PBXGroup;
			children = (
				FDE633132505FB2900EDBF9C /* HttpPostClient.swift */,
				FDE6331D2506BCB300EDBF9C /* HttpClientError.swift */,
			);
			path = Http;
			sourceTree = "<group>";
		};
		FDE633192506B4C500EDBF9C /* UseCase */ = {
			isa = PBXGroup;
			children = (
				FDE633112505FAF900EDBF9C /* RemoteAddAccount.swift */,
			);
			path = UseCase;
			sourceTree = "<group>";
		};
		FDE6331A2506B4DD00EDBF9C /* UseCase */ = {
			isa = PBXGroup;
			children = (
				FDE632FF2505E9E500EDBF9C /* RemoteAddAccountTests.swift */,
			);
			path = UseCase;
			sourceTree = "<group>";
		};
/* End PBXGroup section */

/* Begin PBXHeadersBuildPhase section */
		FD61BAF52518410E002376D9 /* Headers */ = {
			isa = PBXHeadersBuildPhase;
			buildActionMask = 2147483647;
			files = (
			);
			runOnlyForDeploymentPostprocessing = 0;
		};
		FDA80A4C25240C99008C690D /* Headers */ = {
			isa = PBXHeadersBuildPhase;
			buildActionMask = 2147483647;
			files = (
			);
			runOnlyForDeploymentPostprocessing = 0;
		};
		FDDC8C29250B14180023B465 /* Headers */ = {
			isa = PBXHeadersBuildPhase;
			buildActionMask = 2147483647;
			files = (
			);
			runOnlyForDeploymentPostprocessing = 0;
		};
		FDE632DC2505E8D200EDBF9C /* Headers */ = {
			isa = PBXHeadersBuildPhase;
			buildActionMask = 2147483647;
			files = (
			);
			runOnlyForDeploymentPostprocessing = 0;
		};
		FDE632ED2505E9E500EDBF9C /* Headers */ = {
			isa = PBXHeadersBuildPhase;
			buildActionMask = 2147483647;
			files = (
			);
			runOnlyForDeploymentPostprocessing = 0;
		};
/* End PBXHeadersBuildPhase section */

/* Begin PBXNativeTarget section */
		FD61BAE325183BA5002376D9 /* UseCasesIntegrationTests */ = {
			isa = PBXNativeTarget;
			buildConfigurationList = FD61BAEC25183BA5002376D9 /* Build configuration list for PBXNativeTarget "UseCasesIntegrationTests" */;
			buildPhases = (
				FD61BAE025183BA5002376D9 /* Sources */,
				FD61BAE125183BA5002376D9 /* Frameworks */,
				FD61BAE225183BA5002376D9 /* Resources */,
			);
			buildRules = (
			);
			dependencies = (
				FD61BAF025183BAE002376D9 /* PBXTargetDependency */,
				FD61BAF225183BAE002376D9 /* PBXTargetDependency */,
				FD61BAEB25183BA5002376D9 /* PBXTargetDependency */,
			);
			name = UseCasesIntegrationTests;
			productName = UseCasesIntegrationTests;
			productReference = FD61BAE425183BA5002376D9 /* UseCasesIntegrationTests.xctest */;
			productType = "com.apple.product-type.bundle.unit-test";
		};
		FD61BAF92518410E002376D9 /* Presentation */ = {
			isa = PBXNativeTarget;
			buildConfigurationList = FD61BB0B2518410F002376D9 /* Build configuration list for PBXNativeTarget "Presentation" */;
			buildPhases = (
				FD61BAF52518410E002376D9 /* Headers */,
				FD61BAF62518410E002376D9 /* Sources */,
				FD61BAF72518410E002376D9 /* Frameworks */,
				FD61BAF82518410E002376D9 /* Resources */,
			);
			buildRules = (
			);
			dependencies = (
				FDA80A9B25240FF8008C690D /* PBXTargetDependency */,
			);
			name = Presentation;
			productName = Presentation;
			productReference = FD61BAFA2518410E002376D9 /* Presentation.framework */;
			productType = "com.apple.product-type.framework";
		};
		FD61BB012518410E002376D9 /* PresentationTests */ = {
			isa = PBXNativeTarget;
			buildConfigurationList = FD61BB0E2518410F002376D9 /* Build configuration list for PBXNativeTarget "PresentationTests" */;
			buildPhases = (
				FD61BAFE2518410E002376D9 /* Sources */,
				FD61BAFF2518410E002376D9 /* Frameworks */,
				FD61BB002518410E002376D9 /* Resources */,
			);
			buildRules = (
			);
			dependencies = (
				FD61BB052518410E002376D9 /* PBXTargetDependency */,
			);
			name = PresentationTests;
			productName = PresentationTests;
			productReference = FD61BB022518410E002376D9 /* PresentationTests.xctest */;
			productType = "com.apple.product-type.bundle.unit-test";
		};
		FDA80A5025240C99008C690D /* UI */ = {
			isa = PBXNativeTarget;
			buildConfigurationList = FDA80A6225240C99008C690D /* Build configuration list for PBXNativeTarget "UI" */;
			buildPhases = (
				FDA80A4C25240C99008C690D /* Headers */,
				FDA80A4D25240C99008C690D /* Sources */,
				FDA80A4E25240C99008C690D /* Frameworks */,
				FDA80A4F25240C99008C690D /* Resources */,
			);
			buildRules = (
			);
			dependencies = (
				FDA80A9125240E09008C690D /* PBXTargetDependency */,
			);
			name = UI;
			productName = UI;
			productReference = FDA80A5125240C99008C690D /* UI.framework */;
			productType = "com.apple.product-type.framework";
		};
		FDA80A5825240C99008C690D /* UITests */ = {
			isa = PBXNativeTarget;
			buildConfigurationList = FDA80A6525240C99008C690D /* Build configuration list for PBXNativeTarget "UITests" */;
			buildPhases = (
				FDA80A5525240C99008C690D /* Sources */,
				FDA80A5625240C99008C690D /* Frameworks */,
				FDA80A5725240C99008C690D /* Resources */,
			);
			buildRules = (
			);
			dependencies = (
				FDA80A5C25240C99008C690D /* PBXTargetDependency */,
			);
			name = UITests;
			productName = UITests;
			productReference = FDA80A5925240C99008C690D /* UITests.xctest */;
			productType = "com.apple.product-type.bundle.unit-test";
		};
		FDDC8C2D250B14180023B465 /* Infra */ = {
			isa = PBXNativeTarget;
			buildConfigurationList = FDDC8C3F250B14180023B465 /* Build configuration list for PBXNativeTarget "Infra" */;
			buildPhases = (
				FDDC8C29250B14180023B465 /* Headers */,
				FDDC8C2A250B14180023B465 /* Sources */,
				FDDC8C2B250B14180023B465 /* Frameworks */,
				FDDC8C2C250B14180023B465 /* Resources */,
				FDDC8C4B250B15330023B465 /* Embed Frameworks */,
			);
			buildRules = (
			);
			dependencies = (
				FDDC8C4A250B15330023B465 /* PBXTargetDependency */,
			);
			name = Infra;
			packageProductDependencies = (
				FDDC8C52250B182A0023B465 /* Alamofire */,
			);
			productName = Infra;
			productReference = FDDC8C2E250B14180023B465 /* Infra.framework */;
			productType = "com.apple.product-type.framework";
		};
		FDDC8C35250B14180023B465 /* InfraTests */ = {
			isa = PBXNativeTarget;
			buildConfigurationList = FDDC8C42250B14180023B465 /* Build configuration list for PBXNativeTarget "InfraTests" */;
			buildPhases = (
				FDDC8C32250B14180023B465 /* Sources */,
				FDDC8C33250B14180023B465 /* Frameworks */,
				FDDC8C34250B14180023B465 /* Resources */,
			);
			buildRules = (
			);
			dependencies = (
				FDDC8C39250B14180023B465 /* PBXTargetDependency */,
			);
			name = InfraTests;
			productName = InfraTests;
			productReference = FDDC8C36250B14180023B465 /* InfraTests.xctest */;
			productType = "com.apple.product-type.bundle.unit-test";
		};
		FDE632E02505E8D200EDBF9C /* Domain */ = {
			isa = PBXNativeTarget;
			buildConfigurationList = FDE632E62505E8D200EDBF9C /* Build configuration list for PBXNativeTarget "Domain" */;
			buildPhases = (
				FDE632DC2505E8D200EDBF9C /* Headers */,
				FDE632DD2505E8D200EDBF9C /* Sources */,
				FDE632DE2505E8D200EDBF9C /* Frameworks */,
				FDE632DF2505E8D200EDBF9C /* Resources */,
			);
			buildRules = (
			);
			dependencies = (
			);
			name = Domain;
			productName = Domain;
			productReference = FDE632E12505E8D200EDBF9C /* Domain.framework */;
			productType = "com.apple.product-type.framework";
		};
		FDE632F12505E9E500EDBF9C /* Data */ = {
			isa = PBXNativeTarget;
			buildConfigurationList = FDE633032505E9E500EDBF9C /* Build configuration list for PBXNativeTarget "Data" */;
			buildPhases = (
				FDE632ED2505E9E500EDBF9C /* Headers */,
				FDE632EE2505E9E500EDBF9C /* Sources */,
				FDE632EF2505E9E500EDBF9C /* Frameworks */,
				FDE632F02505E9E500EDBF9C /* Resources */,
				FDE6330E2505E9EC00EDBF9C /* Embed Frameworks */,
			);
			buildRules = (
			);
			dependencies = (
				FDE6330D2505E9EC00EDBF9C /* PBXTargetDependency */,
			);
			name = Data;
			productName = Data;
			productReference = FDE632F22505E9E500EDBF9C /* Data.framework */;
			productType = "com.apple.product-type.framework";
		};
		FDE632F92505E9E500EDBF9C /* DataTests */ = {
			isa = PBXNativeTarget;
			buildConfigurationList = FDE633062505E9E500EDBF9C /* Build configuration list for PBXNativeTarget "DataTests" */;
			buildPhases = (
				FDE632F62505E9E500EDBF9C /* Sources */,
				FDE632F72505E9E500EDBF9C /* Frameworks */,
				FDE632F82505E9E500EDBF9C /* Resources */,
			);
			buildRules = (
			);
			dependencies = (
				FDE632FD2505E9E500EDBF9C /* PBXTargetDependency */,
			);
			name = DataTests;
			productName = DataTests;
			productReference = FDE632FA2505E9E500EDBF9C /* DataTests.xctest */;
			productType = "com.apple.product-type.bundle.unit-test";
		};
/* End PBXNativeTarget section */

/* Begin PBXProject section */
		FDE632C82505E88E00EDBF9C /* Project object */ = {
			isa = PBXProject;
			attributes = {
				LastSwiftUpdateCheck = 1200;
				LastUpgradeCheck = 1200;
				ORGANIZATIONNAME = "Renato Lopes";
				TargetAttributes = {
					FD61BAE325183BA5002376D9 = {
						CreatedOnToolsVersion = 11.3;
						LastSwiftMigration = 1130;
					};
					FD61BAF92518410E002376D9 = {
						CreatedOnToolsVersion = 11.3;
						LastSwiftMigration = 1130;
					};
					FD61BB012518410E002376D9 = {
						CreatedOnToolsVersion = 11.3;
					};
					FDA80A5025240C99008C690D = {
						CreatedOnToolsVersion = 12.0;
						LastSwiftMigration = 1200;
					};
					FDA80A5825240C99008C690D = {
						CreatedOnToolsVersion = 12.0;
					};
					FDDC8C2D250B14180023B465 = {
						CreatedOnToolsVersion = 11.3;
						LastSwiftMigration = 1130;
					};
					FDDC8C35250B14180023B465 = {
						CreatedOnToolsVersion = 11.3;
						LastSwiftMigration = 1130;
					};
					FDE632E02505E8D200EDBF9C = {
						CreatedOnToolsVersion = 11.3;
						LastSwiftMigration = 1130;
					};
					FDE632F12505E9E500EDBF9C = {
						CreatedOnToolsVersion = 11.3;
						LastSwiftMigration = 1130;
					};
					FDE632F92505E9E500EDBF9C = {
						CreatedOnToolsVersion = 11.3;
					};
				};
			};
			buildConfigurationList = FDE632CB2505E88E00EDBF9C /* Build configuration list for PBXProject "CleanApp" */;
			compatibilityVersion = "Xcode 9.3";
			developmentRegion = en;
			hasScannedForEncodings = 0;
			knownRegions = (
				en,
				Base,
			);
			mainGroup = FDE632C72505E88E00EDBF9C;
			packageReferences = (
				FDDC8C51250B182A0023B465 /* XCRemoteSwiftPackageReference "Alamofire" */,
			);
			productRefGroup = FDE632D22505E88F00EDBF9C /* Products */;
			projectDirPath = "";
			projectRoot = "";
			targets = (
				FDE632E02505E8D200EDBF9C /* Domain */,
				FDE632F12505E9E500EDBF9C /* Data */,
				FDE632F92505E9E500EDBF9C /* DataTests */,
				FDDC8C2D250B14180023B465 /* Infra */,
				FDDC8C35250B14180023B465 /* InfraTests */,
				FD61BAE325183BA5002376D9 /* UseCasesIntegrationTests */,
				FD61BAF92518410E002376D9 /* Presentation */,
				FD61BB012518410E002376D9 /* PresentationTests */,
				FDA80A5025240C99008C690D /* UI */,
				FDA80A5825240C99008C690D /* UITests */,
			);
		};
/* End PBXProject section */

/* Begin PBXResourcesBuildPhase section */
		FD61BAE225183BA5002376D9 /* Resources */ = {
			isa = PBXResourcesBuildPhase;
			buildActionMask = 2147483647;
			files = (
			);
			runOnlyForDeploymentPostprocessing = 0;
		};
		FD61BAF82518410E002376D9 /* Resources */ = {
			isa = PBXResourcesBuildPhase;
			buildActionMask = 2147483647;
			files = (
			);
			runOnlyForDeploymentPostprocessing = 0;
		};
		FD61BB002518410E002376D9 /* Resources */ = {
			isa = PBXResourcesBuildPhase;
			buildActionMask = 2147483647;
			files = (
			);
			runOnlyForDeploymentPostprocessing = 0;
		};
		FDA80A4F25240C99008C690D /* Resources */ = {
			isa = PBXResourcesBuildPhase;
			buildActionMask = 2147483647;
			files = (
				FDA80AC72524155D008C690D /* SignUp.storyboard in Resources */,
			);
			runOnlyForDeploymentPostprocessing = 0;
		};
		FDA80A5725240C99008C690D /* Resources */ = {
			isa = PBXResourcesBuildPhase;
			buildActionMask = 2147483647;
			files = (
			);
			runOnlyForDeploymentPostprocessing = 0;
		};
		FDDC8C2C250B14180023B465 /* Resources */ = {
			isa = PBXResourcesBuildPhase;
			buildActionMask = 2147483647;
			files = (
			);
			runOnlyForDeploymentPostprocessing = 0;
		};
		FDDC8C34250B14180023B465 /* Resources */ = {
			isa = PBXResourcesBuildPhase;
			buildActionMask = 2147483647;
			files = (
			);
			runOnlyForDeploymentPostprocessing = 0;
		};
		FDE632DF2505E8D200EDBF9C /* Resources */ = {
			isa = PBXResourcesBuildPhase;
			buildActionMask = 2147483647;
			files = (
			);
			runOnlyForDeploymentPostprocessing = 0;
		};
		FDE632F02505E9E500EDBF9C /* Resources */ = {
			isa = PBXResourcesBuildPhase;
			buildActionMask = 2147483647;
			files = (
			);
			runOnlyForDeploymentPostprocessing = 0;
		};
		FDE632F82505E9E500EDBF9C /* Resources */ = {
			isa = PBXResourcesBuildPhase;
			buildActionMask = 2147483647;
			files = (
			);
			runOnlyForDeploymentPostprocessing = 0;
		};
/* End PBXResourcesBuildPhase section */

/* Begin PBXSourcesBuildPhase section */
		FD61BAE025183BA5002376D9 /* Sources */ = {
			isa = PBXSourcesBuildPhase;
			buildActionMask = 2147483647;
			files = (
				FD61BAF425183C22002376D9 /* AddAccountIntegrationTests.swift in Sources */,
			);
			runOnlyForDeploymentPostprocessing = 0;
		};
		FD61BAF62518410E002376D9 /* Sources */ = {
			isa = PBXSourcesBuildPhase;
			buildActionMask = 2147483647;
			files = (
				FD61BB12251855AC002376D9 /* SignUpPresenter.swift in Sources */,
				FD3212F62522B94A00EE0B9E /* SignUpMapper.swift in Sources */,
				FD7E3EDA25199F8D00E7325C /* LoadingView.swift in Sources */,
				FD3212E82522B51900EE0B9E /* SignUpViewModel.swift in Sources */,
				FD61BB172518566C002376D9 /* AlertView.swift in Sources */,
				FD7E3ED025196DB000E7325C /* EmailValidator.swift in Sources */,
			);
			runOnlyForDeploymentPostprocessing = 0;
		};
		FD61BAFE2518410E002376D9 /* Sources */ = {
			isa = PBXSourcesBuildPhase;
			buildActionMask = 2147483647;
			files = (
				FD3213152522BA9C00EE0B9E /* LoadingViewSpy.swift in Sources */,
				FDA80A30252408F3008C690D /* AddAccountSpy.swift in Sources */,
				FD3213062522BA8900EE0B9E /* AlertViewSpy.swift in Sources */,
				FD7E3ED825199B9000E7325C /* Extension+XCTestCase.swift in Sources */,
				FD7E3ED42519849700E7325C /* AccountModelFactory.swift in Sources */,
				FD3213242522BAC500EE0B9E /* EmailValidatorSpy.swift in Sources */,
				FDA80A3F252409D4008C690D /* TestFactories.swift in Sources */,
				FD61BB082518410E002376D9 /* SignUpPresentationTests.swift in Sources */,
			);
			runOnlyForDeploymentPostprocessing = 0;
		};
		FDA80A4D25240C99008C690D /* Sources */ = {
			isa = PBXSourcesBuildPhase;
			buildActionMask = 2147483647;
			files = (
				FDA80ABD252413CC008C690D /* SignUpViewController.swift in Sources */,
			);
			runOnlyForDeploymentPostprocessing = 0;
		};
		FDA80A5525240C99008C690D /* Sources */ = {
			isa = PBXSourcesBuildPhase;
			buildActionMask = 2147483647;
			files = (
				FDA80A5F25240C99008C690D /* SignUpViewControllerTests.swift in Sources */,
			);
			runOnlyForDeploymentPostprocessing = 0;
		};
		FDDC8C2A250B14180023B465 /* Sources */ = {
			isa = PBXSourcesBuildPhase;
			buildActionMask = 2147483647;
			files = (
				FDBD6632251827CE008AE445 /* AlamofireAdapter.swift in Sources */,
			);
			runOnlyForDeploymentPostprocessing = 0;
		};
		FDDC8C32250B14180023B465 /* Sources */ = {
			isa = PBXSourcesBuildPhase;
			buildActionMask = 2147483647;
			files = (
				FD5459852511A67B00C06B60 /* Extension+XCTestCase.swift in Sources */,
				FDDC8C4D250B15400023B465 /* TestFactories.swift in Sources */,
				FDBD663625182955008AE445 /* URLProtocolStup.swift in Sources */,
				FDDC8C46250B14620023B465 /* AlamofireAdapterTests.swift in Sources */,
				FDDC8C4C250B153C0023B465 /* HttpClientSpy.swift in Sources */,
			);
			runOnlyForDeploymentPostprocessing = 0;
		};
		FDE632DD2505E8D200EDBF9C /* Sources */ = {
			isa = PBXSourcesBuildPhase;
			buildActionMask = 2147483647;
			files = (
				FDE633102505F95400EDBF9C /* Model.swift in Sources */,
				FDE632EA2505E8F700EDBF9C /* AddAccount.swift in Sources */,
				FD7E3ED72519880700E7325C /* ModelError.swift in Sources */,
				FDE6331C2506BC5600EDBF9C /* DomainError.swift in Sources */,
				FDE632EC2505E97E00EDBF9C /* AccountModel.swift in Sources */,
			);
			runOnlyForDeploymentPostprocessing = 0;
		};
		FDE632EE2505E9E500EDBF9C /* Sources */ = {
			isa = PBXSourcesBuildPhase;
			buildActionMask = 2147483647;
			files = (
				FDE633142505FB2900EDBF9C /* HttpPostClient.swift in Sources */,
				FD617CCD250AFB800076E645 /* Extension+Data.swift in Sources */,
				FDE6331E2506BCB300EDBF9C /* HttpClientError.swift in Sources */,
				FDDC8C28250B12CE0023B465 /* AccountModelFactory.swift in Sources */,
				FDE633122505FAF900EDBF9C /* RemoteAddAccount.swift in Sources */,
			);
			runOnlyForDeploymentPostprocessing = 0;
		};
		FDE632F62505E9E500EDBF9C /* Sources */ = {
			isa = PBXSourcesBuildPhase;
			buildActionMask = 2147483647;
			files = (
				FD5459842511A5C900C06B60 /* Extension+XCTestCase.swift in Sources */,
				FDDC8C22250B11630023B465 /* TestFactories.swift in Sources */,
				FDDC8C25250B12080023B465 /* HttpClientSpy.swift in Sources */,
				FD7E3ED32519842400E7325C /* AccountModelFactory.swift in Sources */,
				FDE633002505E9E500EDBF9C /* RemoteAddAccountTests.swift in Sources */,
			);
			runOnlyForDeploymentPostprocessing = 0;
		};
/* End PBXSourcesBuildPhase section */

/* Begin PBXTargetDependency section */
		FD61BAEB25183BA5002376D9 /* PBXTargetDependency */ = {
			isa = PBXTargetDependency;
			target = FDE632F12505E9E500EDBF9C /* Data */;
			targetProxy = FD61BAEA25183BA5002376D9 /* PBXContainerItemProxy */;
		};
		FD61BAF025183BAE002376D9 /* PBXTargetDependency */ = {
			isa = PBXTargetDependency;
			target = FDE632E02505E8D200EDBF9C /* Domain */;
			targetProxy = FD61BAEF25183BAE002376D9 /* PBXContainerItemProxy */;
		};
		FD61BAF225183BAE002376D9 /* PBXTargetDependency */ = {
			isa = PBXTargetDependency;
			target = FDDC8C2D250B14180023B465 /* Infra */;
			targetProxy = FD61BAF125183BAE002376D9 /* PBXContainerItemProxy */;
		};
		FD61BB052518410E002376D9 /* PBXTargetDependency */ = {
			isa = PBXTargetDependency;
			target = FD61BAF92518410E002376D9 /* Presentation */;
			targetProxy = FD61BB042518410E002376D9 /* PBXContainerItemProxy */;
		};
		FDA80A5C25240C99008C690D /* PBXTargetDependency */ = {
			isa = PBXTargetDependency;
			target = FDA80A5025240C99008C690D /* UI */;
			targetProxy = FDA80A5B25240C99008C690D /* PBXContainerItemProxy */;
		};
		FDA80A9125240E09008C690D /* PBXTargetDependency */ = {
			isa = PBXTargetDependency;
			target = FD61BAF92518410E002376D9 /* Presentation */;
			targetProxy = FDA80A9025240E09008C690D /* PBXContainerItemProxy */;
		};
		FDA80A9B25240FF8008C690D /* PBXTargetDependency */ = {
			isa = PBXTargetDependency;
			target = FDE632E02505E8D200EDBF9C /* Domain */;
			targetProxy = FDA80A9A25240FF8008C690D /* PBXContainerItemProxy */;
		};
		FDDC8C39250B14180023B465 /* PBXTargetDependency */ = {
			isa = PBXTargetDependency;
			target = FDDC8C2D250B14180023B465 /* Infra */;
			targetProxy = FDDC8C38250B14180023B465 /* PBXContainerItemProxy */;
		};
		FDDC8C4A250B15330023B465 /* PBXTargetDependency */ = {
			isa = PBXTargetDependency;
			target = FDE632F12505E9E500EDBF9C /* Data */;
			targetProxy = FDDC8C49250B15330023B465 /* PBXContainerItemProxy */;
		};
		FDE632FD2505E9E500EDBF9C /* PBXTargetDependency */ = {
			isa = PBXTargetDependency;
			target = FDE632F12505E9E500EDBF9C /* Data */;
			targetProxy = FDE632FC2505E9E500EDBF9C /* PBXContainerItemProxy */;
		};
		FDE6330D2505E9EC00EDBF9C /* PBXTargetDependency */ = {
			isa = PBXTargetDependency;
			target = FDE632E02505E8D200EDBF9C /* Domain */;
			targetProxy = FDE6330C2505E9EC00EDBF9C /* PBXContainerItemProxy */;
		};
/* End PBXTargetDependency section */

/* Begin XCBuildConfiguration section */
		FD61BAED25183BA5002376D9 /* Debug */ = {
			isa = XCBuildConfiguration;
			buildSettings = {
				CLANG_ENABLE_MODULES = YES;
				CODE_SIGN_STYLE = Automatic;
				DEVELOPMENT_TEAM = 8NKL6XVR88;
				INFOPLIST_FILE = UseCasesIntegrationTests/Info.plist;
				LD_RUNPATH_SEARCH_PATHS = (
					"$(inherited)",
					"@executable_path/Frameworks",
					"@loader_path/Frameworks",
				);
				PRODUCT_BUNDLE_IDENTIFIER = br.com.renatolopes.UseCasesIntegrationTests;
				PRODUCT_NAME = "$(TARGET_NAME)";
				SUPPORTED_PLATFORMS = "iphonesimulator iphoneos macosx";
				SWIFT_OPTIMIZATION_LEVEL = "-Onone";
				SWIFT_VERSION = 5.0;
				TARGETED_DEVICE_FAMILY = "1,2";
			};
			name = Debug;
		};
		FD61BAEE25183BA5002376D9 /* Release */ = {
			isa = XCBuildConfiguration;
			buildSettings = {
				CLANG_ENABLE_MODULES = YES;
				CODE_SIGN_STYLE = Automatic;
				DEVELOPMENT_TEAM = 8NKL6XVR88;
				INFOPLIST_FILE = UseCasesIntegrationTests/Info.plist;
				LD_RUNPATH_SEARCH_PATHS = (
					"$(inherited)",
					"@executable_path/Frameworks",
					"@loader_path/Frameworks",
				);
				PRODUCT_BUNDLE_IDENTIFIER = br.com.renatolopes.UseCasesIntegrationTests;
				PRODUCT_NAME = "$(TARGET_NAME)";
				SUPPORTED_PLATFORMS = "iphonesimulator iphoneos macosx";
				SWIFT_VERSION = 5.0;
				TARGETED_DEVICE_FAMILY = "1,2";
			};
			name = Release;
		};
		FD61BB0C2518410F002376D9 /* Debug */ = {
			isa = XCBuildConfiguration;
			buildSettings = {
				CLANG_ENABLE_MODULES = YES;
				CODE_SIGN_STYLE = Automatic;
				DEFINES_MODULE = YES;
				DEVELOPMENT_TEAM = 8NKL6XVR88;
				DYLIB_COMPATIBILITY_VERSION = 1;
				DYLIB_CURRENT_VERSION = 1;
				DYLIB_INSTALL_NAME_BASE = "@rpath";
				INFOPLIST_FILE = Presentation/Info.plist;
				INSTALL_PATH = "$(LOCAL_LIBRARY_DIR)/Frameworks";
				LD_RUNPATH_SEARCH_PATHS = (
					"$(inherited)",
					"@executable_path/Frameworks",
					"@loader_path/Frameworks",
				);
				PRODUCT_BUNDLE_IDENTIFIER = br.com.renatolopes.Presentation;
				PRODUCT_NAME = "$(TARGET_NAME:c99extidentifier)";
				SKIP_INSTALL = YES;
				SUPPORTED_PLATFORMS = "iphonesimulator macosx iphoneos";
				SWIFT_OPTIMIZATION_LEVEL = "-Onone";
				SWIFT_VERSION = 5.0;
				TARGETED_DEVICE_FAMILY = "1,2";
			};
			name = Debug;
		};
		FD61BB0D2518410F002376D9 /* Release */ = {
			isa = XCBuildConfiguration;
			buildSettings = {
				CLANG_ENABLE_MODULES = YES;
				CODE_SIGN_STYLE = Automatic;
				DEFINES_MODULE = YES;
				DEVELOPMENT_TEAM = 8NKL6XVR88;
				DYLIB_COMPATIBILITY_VERSION = 1;
				DYLIB_CURRENT_VERSION = 1;
				DYLIB_INSTALL_NAME_BASE = "@rpath";
				INFOPLIST_FILE = Presentation/Info.plist;
				INSTALL_PATH = "$(LOCAL_LIBRARY_DIR)/Frameworks";
				LD_RUNPATH_SEARCH_PATHS = (
					"$(inherited)",
					"@executable_path/Frameworks",
					"@loader_path/Frameworks",
				);
				PRODUCT_BUNDLE_IDENTIFIER = br.com.renatolopes.Presentation;
				PRODUCT_NAME = "$(TARGET_NAME:c99extidentifier)";
				SKIP_INSTALL = YES;
				SUPPORTED_PLATFORMS = "iphonesimulator macosx iphoneos";
				SWIFT_VERSION = 5.0;
				TARGETED_DEVICE_FAMILY = "1,2";
			};
			name = Release;
		};
		FD61BB0F2518410F002376D9 /* Debug */ = {
			isa = XCBuildConfiguration;
			buildSettings = {
				ALWAYS_EMBED_SWIFT_STANDARD_LIBRARIES = YES;
				CODE_SIGN_STYLE = Automatic;
				DEVELOPMENT_TEAM = 8NKL6XVR88;
				INFOPLIST_FILE = PresentationTests/Info.plist;
				LD_RUNPATH_SEARCH_PATHS = (
					"$(inherited)",
					"@executable_path/Frameworks",
					"@loader_path/Frameworks",
				);
				PRODUCT_BUNDLE_IDENTIFIER = br.com.renatolopes.PresentationTests;
				PRODUCT_NAME = "$(TARGET_NAME)";
				SUPPORTED_PLATFORMS = "iphonesimulator iphoneos macosx";
				SWIFT_VERSION = 5.0;
				TARGETED_DEVICE_FAMILY = "1,2";
			};
			name = Debug;
		};
		FD61BB102518410F002376D9 /* Release */ = {
			isa = XCBuildConfiguration;
			buildSettings = {
				ALWAYS_EMBED_SWIFT_STANDARD_LIBRARIES = YES;
				CODE_SIGN_STYLE = Automatic;
				DEVELOPMENT_TEAM = 8NKL6XVR88;
				INFOPLIST_FILE = PresentationTests/Info.plist;
				LD_RUNPATH_SEARCH_PATHS = (
					"$(inherited)",
					"@executable_path/Frameworks",
					"@loader_path/Frameworks",
				);
				PRODUCT_BUNDLE_IDENTIFIER = br.com.renatolopes.PresentationTests;
				PRODUCT_NAME = "$(TARGET_NAME)";
				SUPPORTED_PLATFORMS = "iphonesimulator iphoneos macosx";
				SWIFT_VERSION = 5.0;
				TARGETED_DEVICE_FAMILY = "1,2";
			};
			name = Release;
		};
		FDA80A6325240C99008C690D /* Debug */ = {
			isa = XCBuildConfiguration;
			buildSettings = {
				CLANG_ENABLE_MODULES = YES;
				CLANG_WARN_QUOTED_INCLUDE_IN_FRAMEWORK_HEADER = YES;
				CODE_SIGN_STYLE = Automatic;
				COMBINE_HIDPI_IMAGES = YES;
				DEFINES_MODULE = YES;
				DEVELOPMENT_TEAM = 8NKL6XVR88;
				DYLIB_COMPATIBILITY_VERSION = 1;
				DYLIB_CURRENT_VERSION = 1;
				DYLIB_INSTALL_NAME_BASE = "@rpath";
				INFOPLIST_FILE = UI/Info.plist;
				INSTALL_PATH = "$(LOCAL_LIBRARY_DIR)/Frameworks";
				LD_RUNPATH_SEARCH_PATHS = (
					"$(inherited)",
					"@executable_path/../Frameworks",
					"@loader_path/Frameworks",
				);
				MACOSX_DEPLOYMENT_TARGET = 10.15;
				PRODUCT_BUNDLE_IDENTIFIER = br.com.renatolopes.UI;
				PRODUCT_NAME = "$(TARGET_NAME:c99extidentifier)";
				SDKROOT = macosx;
				SKIP_INSTALL = YES;
				SUPPORTED_PLATFORMS = "macosx iphonesimulator iphoneos";
				SWIFT_OPTIMIZATION_LEVEL = "-Onone";
				SWIFT_VERSION = 5.0;
			};
			name = Debug;
		};
		FDA80A6425240C99008C690D /* Release */ = {
			isa = XCBuildConfiguration;
			buildSettings = {
				CLANG_ENABLE_MODULES = YES;
				CLANG_WARN_QUOTED_INCLUDE_IN_FRAMEWORK_HEADER = YES;
				CODE_SIGN_STYLE = Automatic;
				COMBINE_HIDPI_IMAGES = YES;
				DEFINES_MODULE = YES;
				DEVELOPMENT_TEAM = 8NKL6XVR88;
				DYLIB_COMPATIBILITY_VERSION = 1;
				DYLIB_CURRENT_VERSION = 1;
				DYLIB_INSTALL_NAME_BASE = "@rpath";
				INFOPLIST_FILE = UI/Info.plist;
				INSTALL_PATH = "$(LOCAL_LIBRARY_DIR)/Frameworks";
				LD_RUNPATH_SEARCH_PATHS = (
					"$(inherited)",
					"@executable_path/../Frameworks",
					"@loader_path/Frameworks",
				);
				MACOSX_DEPLOYMENT_TARGET = 10.15;
				PRODUCT_BUNDLE_IDENTIFIER = br.com.renatolopes.UI;
				PRODUCT_NAME = "$(TARGET_NAME:c99extidentifier)";
				SDKROOT = macosx;
				SKIP_INSTALL = YES;
				SUPPORTED_PLATFORMS = "macosx iphonesimulator iphoneos";
				SWIFT_VERSION = 5.0;
			};
			name = Release;
		};
		FDA80A6625240C99008C690D /* Debug */ = {
			isa = XCBuildConfiguration;
			buildSettings = {
				ALWAYS_EMBED_SWIFT_STANDARD_LIBRARIES = YES;
				CLANG_WARN_QUOTED_INCLUDE_IN_FRAMEWORK_HEADER = YES;
				CODE_SIGN_STYLE = Automatic;
				COMBINE_HIDPI_IMAGES = YES;
				DEVELOPMENT_TEAM = 8NKL6XVR88;
				INFOPLIST_FILE = UITests/Info.plist;
				LD_RUNPATH_SEARCH_PATHS = (
					"$(inherited)",
					"@executable_path/../Frameworks",
					"@loader_path/../Frameworks",
				);
				MACOSX_DEPLOYMENT_TARGET = 10.15;
				PRODUCT_BUNDLE_IDENTIFIER = br.com.renatolopes.UITests;
				PRODUCT_NAME = "$(TARGET_NAME)";
				SDKROOT = macosx;
				SUPPORTED_PLATFORMS = "macosx iphonesimulator iphoneos";
				SWIFT_VERSION = 5.0;
			};
			name = Debug;
		};
		FDA80A6725240C99008C690D /* Release */ = {
			isa = XCBuildConfiguration;
			buildSettings = {
				ALWAYS_EMBED_SWIFT_STANDARD_LIBRARIES = YES;
				CLANG_WARN_QUOTED_INCLUDE_IN_FRAMEWORK_HEADER = YES;
				CODE_SIGN_STYLE = Automatic;
				COMBINE_HIDPI_IMAGES = YES;
				DEVELOPMENT_TEAM = 8NKL6XVR88;
				INFOPLIST_FILE = UITests/Info.plist;
				LD_RUNPATH_SEARCH_PATHS = (
					"$(inherited)",
					"@executable_path/../Frameworks",
					"@loader_path/../Frameworks",
				);
				MACOSX_DEPLOYMENT_TARGET = 10.15;
				PRODUCT_BUNDLE_IDENTIFIER = br.com.renatolopes.UITests;
				PRODUCT_NAME = "$(TARGET_NAME)";
				SDKROOT = macosx;
				SUPPORTED_PLATFORMS = "macosx iphonesimulator iphoneos";
				SWIFT_VERSION = 5.0;
			};
			name = Release;
		};
		FDDC8C40250B14180023B465 /* Debug */ = {
			isa = XCBuildConfiguration;
			buildSettings = {
				CLANG_ENABLE_MODULES = YES;
				CODE_SIGN_STYLE = Automatic;
				DEFINES_MODULE = YES;
				DEVELOPMENT_TEAM = 8NKL6XVR88;
				DYLIB_COMPATIBILITY_VERSION = 1;
				DYLIB_CURRENT_VERSION = 1;
				DYLIB_INSTALL_NAME_BASE = "@rpath";
				INFOPLIST_FILE = Infra/Info.plist;
				INSTALL_PATH = "$(LOCAL_LIBRARY_DIR)/Frameworks";
				LD_RUNPATH_SEARCH_PATHS = (
					"$(inherited)",
					"@executable_path/Frameworks",
					"@loader_path/Frameworks",
				);
				PRODUCT_BUNDLE_IDENTIFIER = br.com.renatolopes.Infra;
				PRODUCT_NAME = "$(TARGET_NAME:c99extidentifier)";
				SKIP_INSTALL = YES;
				SUPPORTED_PLATFORMS = "iphonesimulator iphoneos macosx";
				SWIFT_OPTIMIZATION_LEVEL = "-Onone";
				SWIFT_VERSION = 5.0;
				TARGETED_DEVICE_FAMILY = "1,2";
			};
			name = Debug;
		};
		FDDC8C41250B14180023B465 /* Release */ = {
			isa = XCBuildConfiguration;
			buildSettings = {
				CLANG_ENABLE_MODULES = YES;
				CODE_SIGN_STYLE = Automatic;
				DEFINES_MODULE = YES;
				DEVELOPMENT_TEAM = 8NKL6XVR88;
				DYLIB_COMPATIBILITY_VERSION = 1;
				DYLIB_CURRENT_VERSION = 1;
				DYLIB_INSTALL_NAME_BASE = "@rpath";
				INFOPLIST_FILE = Infra/Info.plist;
				INSTALL_PATH = "$(LOCAL_LIBRARY_DIR)/Frameworks";
				LD_RUNPATH_SEARCH_PATHS = (
					"$(inherited)",
					"@executable_path/Frameworks",
					"@loader_path/Frameworks",
				);
				PRODUCT_BUNDLE_IDENTIFIER = br.com.renatolopes.Infra;
				PRODUCT_NAME = "$(TARGET_NAME:c99extidentifier)";
				SKIP_INSTALL = YES;
				SUPPORTED_PLATFORMS = "iphonesimulator iphoneos macosx";
				SWIFT_VERSION = 5.0;
				TARGETED_DEVICE_FAMILY = "1,2";
			};
			name = Release;
		};
		FDDC8C43250B14180023B465 /* Debug */ = {
			isa = XCBuildConfiguration;
			buildSettings = {
				ALWAYS_EMBED_SWIFT_STANDARD_LIBRARIES = YES;
				CLANG_ENABLE_MODULES = YES;
				CODE_SIGN_STYLE = Automatic;
				DEVELOPMENT_TEAM = 8NKL6XVR88;
				INFOPLIST_FILE = InfraTests/Info.plist;
				LD_RUNPATH_SEARCH_PATHS = (
					"$(inherited)",
					"@executable_path/Frameworks",
					"@loader_path/Frameworks",
				);
				PRODUCT_BUNDLE_IDENTIFIER = br.com.renatolopes.InfraTests;
				PRODUCT_NAME = "$(TARGET_NAME)";
				SUPPORTED_PLATFORMS = "iphonesimulator iphoneos macosx";
				SWIFT_OPTIMIZATION_LEVEL = "-Onone";
				SWIFT_VERSION = 5.0;
				TARGETED_DEVICE_FAMILY = "1,2";
			};
			name = Debug;
		};
		FDDC8C44250B14180023B465 /* Release */ = {
			isa = XCBuildConfiguration;
			buildSettings = {
				ALWAYS_EMBED_SWIFT_STANDARD_LIBRARIES = YES;
				CLANG_ENABLE_MODULES = YES;
				CODE_SIGN_STYLE = Automatic;
				DEVELOPMENT_TEAM = 8NKL6XVR88;
				INFOPLIST_FILE = InfraTests/Info.plist;
				LD_RUNPATH_SEARCH_PATHS = (
					"$(inherited)",
					"@executable_path/Frameworks",
					"@loader_path/Frameworks",
				);
				PRODUCT_BUNDLE_IDENTIFIER = br.com.renatolopes.InfraTests;
				PRODUCT_NAME = "$(TARGET_NAME)";
				SUPPORTED_PLATFORMS = "iphonesimulator iphoneos macosx";
				SWIFT_VERSION = 5.0;
				TARGETED_DEVICE_FAMILY = "1,2";
			};
			name = Release;
		};
		FDE632D72505E88F00EDBF9C /* Debug */ = {
			isa = XCBuildConfiguration;
			buildSettings = {
				ALWAYS_SEARCH_USER_PATHS = NO;
				BUILD_LIBRARY_FOR_DISTRIBUTION = YES;
				CLANG_ANALYZER_NONNULL = YES;
				CLANG_ANALYZER_NUMBER_OBJECT_CONVERSION = YES_AGGRESSIVE;
				CLANG_CXX_LANGUAGE_STANDARD = "gnu++14";
				CLANG_CXX_LIBRARY = "libc++";
				CLANG_ENABLE_MODULES = YES;
				CLANG_ENABLE_OBJC_ARC = YES;
				CLANG_ENABLE_OBJC_WEAK = YES;
				CLANG_WARN_BLOCK_CAPTURE_AUTORELEASING = YES;
				CLANG_WARN_BOOL_CONVERSION = YES;
				CLANG_WARN_COMMA = YES;
				CLANG_WARN_CONSTANT_CONVERSION = YES;
				CLANG_WARN_DEPRECATED_OBJC_IMPLEMENTATIONS = YES;
				CLANG_WARN_DIRECT_OBJC_ISA_USAGE = YES_ERROR;
				CLANG_WARN_DOCUMENTATION_COMMENTS = YES;
				CLANG_WARN_EMPTY_BODY = YES;
				CLANG_WARN_ENUM_CONVERSION = YES;
				CLANG_WARN_INFINITE_RECURSION = YES;
				CLANG_WARN_INT_CONVERSION = YES;
				CLANG_WARN_NON_LITERAL_NULL_CONVERSION = YES;
				CLANG_WARN_OBJC_IMPLICIT_RETAIN_SELF = YES;
				CLANG_WARN_OBJC_LITERAL_CONVERSION = YES;
				CLANG_WARN_OBJC_ROOT_CLASS = YES_ERROR;
				CLANG_WARN_QUOTED_INCLUDE_IN_FRAMEWORK_HEADER = YES;
				CLANG_WARN_RANGE_LOOP_ANALYSIS = YES;
				CLANG_WARN_STRICT_PROTOTYPES = YES;
				CLANG_WARN_SUSPICIOUS_MOVE = YES;
				CLANG_WARN_UNGUARDED_AVAILABILITY = YES_AGGRESSIVE;
				CLANG_WARN_UNREACHABLE_CODE = YES;
				CLANG_WARN__DUPLICATE_METHOD_MATCH = YES;
				COPY_PHASE_STRIP = NO;
				CURRENT_PROJECT_VERSION = 1;
				DEBUG_INFORMATION_FORMAT = dwarf;
				ENABLE_STRICT_OBJC_MSGSEND = YES;
				ENABLE_TESTABILITY = YES;
				GCC_C_LANGUAGE_STANDARD = gnu11;
				GCC_DYNAMIC_NO_PIC = NO;
				GCC_NO_COMMON_BLOCKS = YES;
				GCC_OPTIMIZATION_LEVEL = 0;
				GCC_PREPROCESSOR_DEFINITIONS = (
					"DEBUG=1",
					"$(inherited)",
				);
				GCC_WARN_64_TO_32_BIT_CONVERSION = YES;
				GCC_WARN_ABOUT_RETURN_TYPE = YES_ERROR;
				GCC_WARN_UNDECLARED_SELECTOR = YES;
				GCC_WARN_UNINITIALIZED_AUTOS = YES_AGGRESSIVE;
				GCC_WARN_UNUSED_FUNCTION = YES;
				GCC_WARN_UNUSED_VARIABLE = YES;
				IPHONEOS_DEPLOYMENT_TARGET = 13.2;
				MTL_ENABLE_DEBUG_INFO = INCLUDE_SOURCE;
				MTL_FAST_MATH = YES;
				ONLY_ACTIVE_ARCH = YES;
				SDKROOT = iphoneos;
				SWIFT_ACTIVE_COMPILATION_CONDITIONS = DEBUG;
				SWIFT_OPTIMIZATION_LEVEL = "-Onone";
				VERSIONING_SYSTEM = "apple-generic";
				VERSION_INFO_PREFIX = "";
			};
			name = Debug;
		};
		FDE632D82505E88F00EDBF9C /* Release */ = {
			isa = XCBuildConfiguration;
			buildSettings = {
				ALWAYS_SEARCH_USER_PATHS = NO;
				BUILD_LIBRARY_FOR_DISTRIBUTION = YES;
				CLANG_ANALYZER_NONNULL = YES;
				CLANG_ANALYZER_NUMBER_OBJECT_CONVERSION = YES_AGGRESSIVE;
				CLANG_CXX_LANGUAGE_STANDARD = "gnu++14";
				CLANG_CXX_LIBRARY = "libc++";
				CLANG_ENABLE_MODULES = YES;
				CLANG_ENABLE_OBJC_ARC = YES;
				CLANG_ENABLE_OBJC_WEAK = YES;
				CLANG_WARN_BLOCK_CAPTURE_AUTORELEASING = YES;
				CLANG_WARN_BOOL_CONVERSION = YES;
				CLANG_WARN_COMMA = YES;
				CLANG_WARN_CONSTANT_CONVERSION = YES;
				CLANG_WARN_DEPRECATED_OBJC_IMPLEMENTATIONS = YES;
				CLANG_WARN_DIRECT_OBJC_ISA_USAGE = YES_ERROR;
				CLANG_WARN_DOCUMENTATION_COMMENTS = YES;
				CLANG_WARN_EMPTY_BODY = YES;
				CLANG_WARN_ENUM_CONVERSION = YES;
				CLANG_WARN_INFINITE_RECURSION = YES;
				CLANG_WARN_INT_CONVERSION = YES;
				CLANG_WARN_NON_LITERAL_NULL_CONVERSION = YES;
				CLANG_WARN_OBJC_IMPLICIT_RETAIN_SELF = YES;
				CLANG_WARN_OBJC_LITERAL_CONVERSION = YES;
				CLANG_WARN_OBJC_ROOT_CLASS = YES_ERROR;
				CLANG_WARN_QUOTED_INCLUDE_IN_FRAMEWORK_HEADER = YES;
				CLANG_WARN_RANGE_LOOP_ANALYSIS = YES;
				CLANG_WARN_STRICT_PROTOTYPES = YES;
				CLANG_WARN_SUSPICIOUS_MOVE = YES;
				CLANG_WARN_UNGUARDED_AVAILABILITY = YES_AGGRESSIVE;
				CLANG_WARN_UNREACHABLE_CODE = YES;
				CLANG_WARN__DUPLICATE_METHOD_MATCH = YES;
				COPY_PHASE_STRIP = NO;
				CURRENT_PROJECT_VERSION = 1;
				DEBUG_INFORMATION_FORMAT = "dwarf-with-dsym";
				ENABLE_NS_ASSERTIONS = NO;
				ENABLE_STRICT_OBJC_MSGSEND = YES;
				GCC_C_LANGUAGE_STANDARD = gnu11;
				GCC_NO_COMMON_BLOCKS = YES;
				GCC_WARN_64_TO_32_BIT_CONVERSION = YES;
				GCC_WARN_ABOUT_RETURN_TYPE = YES_ERROR;
				GCC_WARN_UNDECLARED_SELECTOR = YES;
				GCC_WARN_UNINITIALIZED_AUTOS = YES_AGGRESSIVE;
				GCC_WARN_UNUSED_FUNCTION = YES;
				GCC_WARN_UNUSED_VARIABLE = YES;
				IPHONEOS_DEPLOYMENT_TARGET = 13.2;
				MTL_ENABLE_DEBUG_INFO = NO;
				MTL_FAST_MATH = YES;
				SDKROOT = iphoneos;
				SWIFT_COMPILATION_MODE = wholemodule;
				SWIFT_OPTIMIZATION_LEVEL = "-O";
				VALIDATE_PRODUCT = YES;
				VERSIONING_SYSTEM = "apple-generic";
				VERSION_INFO_PREFIX = "";
			};
			name = Release;
		};
		FDE632E72505E8D200EDBF9C /* Debug */ = {
			isa = XCBuildConfiguration;
			buildSettings = {
				CLANG_ENABLE_MODULES = YES;
				CODE_SIGN_STYLE = Automatic;
				DEFINES_MODULE = YES;
				DERIVE_MACCATALYST_PRODUCT_BUNDLE_IDENTIFIER = NO;
				DEVELOPMENT_TEAM = 8NKL6XVR88;
				DYLIB_COMPATIBILITY_VERSION = 1;
				DYLIB_CURRENT_VERSION = 1;
				DYLIB_INSTALL_NAME_BASE = "@rpath";
				INFOPLIST_FILE = Domain/Info.plist;
				INSTALL_PATH = "$(LOCAL_LIBRARY_DIR)/Frameworks";
				LD_RUNPATH_SEARCH_PATHS = (
					"$(inherited)",
					"@executable_path/Frameworks",
					"@loader_path/Frameworks",
				);
				PRODUCT_BUNDLE_IDENTIFIER = br.com.renatolopes.Domain;
				PRODUCT_NAME = "$(TARGET_NAME:c99extidentifier)";
				SKIP_INSTALL = YES;
				SUPPORTED_PLATFORMS = "iphonesimulator iphoneos macosx";
				SUPPORTS_MACCATALYST = NO;
				SWIFT_OPTIMIZATION_LEVEL = "-Onone";
				SWIFT_VERSION = 5.0;
				TARGETED_DEVICE_FAMILY = "1,2";
			};
			name = Debug;
		};
		FDE632E82505E8D200EDBF9C /* Release */ = {
			isa = XCBuildConfiguration;
			buildSettings = {
				CLANG_ENABLE_MODULES = YES;
				CODE_SIGN_STYLE = Automatic;
				DEFINES_MODULE = YES;
				DERIVE_MACCATALYST_PRODUCT_BUNDLE_IDENTIFIER = NO;
				DEVELOPMENT_TEAM = 8NKL6XVR88;
				DYLIB_COMPATIBILITY_VERSION = 1;
				DYLIB_CURRENT_VERSION = 1;
				DYLIB_INSTALL_NAME_BASE = "@rpath";
				INFOPLIST_FILE = Domain/Info.plist;
				INSTALL_PATH = "$(LOCAL_LIBRARY_DIR)/Frameworks";
				LD_RUNPATH_SEARCH_PATHS = (
					"$(inherited)",
					"@executable_path/Frameworks",
					"@loader_path/Frameworks",
				);
				PRODUCT_BUNDLE_IDENTIFIER = br.com.renatolopes.Domain;
				PRODUCT_NAME = "$(TARGET_NAME:c99extidentifier)";
				SKIP_INSTALL = YES;
				SUPPORTED_PLATFORMS = "iphonesimulator iphoneos macosx";
				SUPPORTS_MACCATALYST = NO;
				SWIFT_VERSION = 5.0;
				TARGETED_DEVICE_FAMILY = "1,2";
			};
			name = Release;
		};
		FDE633042505E9E500EDBF9C /* Debug */ = {
			isa = XCBuildConfiguration;
			buildSettings = {
				CLANG_ENABLE_MODULES = YES;
				CODE_SIGN_STYLE = Automatic;
				DEFINES_MODULE = YES;
				DERIVE_MACCATALYST_PRODUCT_BUNDLE_IDENTIFIER = NO;
				DEVELOPMENT_TEAM = 8NKL6XVR88;
				DYLIB_COMPATIBILITY_VERSION = 1;
				DYLIB_CURRENT_VERSION = 1;
				DYLIB_INSTALL_NAME_BASE = "@rpath";
				INFOPLIST_FILE = Data/Info.plist;
				INSTALL_PATH = "$(LOCAL_LIBRARY_DIR)/Frameworks";
				LD_RUNPATH_SEARCH_PATHS = (
					"$(inherited)",
					"@executable_path/Frameworks",
					"@loader_path/Frameworks",
				);
				PRODUCT_BUNDLE_IDENTIFIER = br.com.renatolopes.Data;
				PRODUCT_NAME = "$(TARGET_NAME:c99extidentifier)";
				SKIP_INSTALL = YES;
				SUPPORTED_PLATFORMS = "iphonesimulator iphoneos macosx";
				SUPPORTS_MACCATALYST = NO;
				SWIFT_OPTIMIZATION_LEVEL = "-Onone";
				SWIFT_VERSION = 5.0;
				TARGETED_DEVICE_FAMILY = "1,2";
			};
			name = Debug;
		};
		FDE633052505E9E500EDBF9C /* Release */ = {
			isa = XCBuildConfiguration;
			buildSettings = {
				CLANG_ENABLE_MODULES = YES;
				CODE_SIGN_STYLE = Automatic;
				DEFINES_MODULE = YES;
				DERIVE_MACCATALYST_PRODUCT_BUNDLE_IDENTIFIER = NO;
				DEVELOPMENT_TEAM = 8NKL6XVR88;
				DYLIB_COMPATIBILITY_VERSION = 1;
				DYLIB_CURRENT_VERSION = 1;
				DYLIB_INSTALL_NAME_BASE = "@rpath";
				INFOPLIST_FILE = Data/Info.plist;
				INSTALL_PATH = "$(LOCAL_LIBRARY_DIR)/Frameworks";
				LD_RUNPATH_SEARCH_PATHS = (
					"$(inherited)",
					"@executable_path/Frameworks",
					"@loader_path/Frameworks",
				);
				PRODUCT_BUNDLE_IDENTIFIER = br.com.renatolopes.Data;
				PRODUCT_NAME = "$(TARGET_NAME:c99extidentifier)";
				SKIP_INSTALL = YES;
				SUPPORTED_PLATFORMS = "iphonesimulator iphoneos macosx";
				SUPPORTS_MACCATALYST = NO;
				SWIFT_VERSION = 5.0;
				TARGETED_DEVICE_FAMILY = "1,2";
			};
			name = Release;
		};
		FDE633072505E9E500EDBF9C /* Debug */ = {
			isa = XCBuildConfiguration;
			buildSettings = {
				ALWAYS_EMBED_SWIFT_STANDARD_LIBRARIES = YES;
				CODE_SIGN_STYLE = Automatic;
				DEVELOPMENT_TEAM = 8NKL6XVR88;
				INFOPLIST_FILE = DataTests/Info.plist;
				LD_RUNPATH_SEARCH_PATHS = (
					"$(inherited)",
					"@executable_path/Frameworks",
					"@loader_path/Frameworks",
				);
				PRODUCT_BUNDLE_IDENTIFIER = br.com.renatolopes.DataTests;
				PRODUCT_NAME = "$(TARGET_NAME)";
				SUPPORTED_PLATFORMS = "iphonesimulator iphoneos macosx";
				SWIFT_VERSION = 5.0;
				TARGETED_DEVICE_FAMILY = "1,2";
			};
			name = Debug;
		};
		FDE633082505E9E500EDBF9C /* Release */ = {
			isa = XCBuildConfiguration;
			buildSettings = {
				ALWAYS_EMBED_SWIFT_STANDARD_LIBRARIES = YES;
				CODE_SIGN_STYLE = Automatic;
				DEVELOPMENT_TEAM = 8NKL6XVR88;
				INFOPLIST_FILE = DataTests/Info.plist;
				LD_RUNPATH_SEARCH_PATHS = (
					"$(inherited)",
					"@executable_path/Frameworks",
					"@loader_path/Frameworks",
				);
				PRODUCT_BUNDLE_IDENTIFIER = br.com.renatolopes.DataTests;
				PRODUCT_NAME = "$(TARGET_NAME)";
				SUPPORTED_PLATFORMS = "iphonesimulator iphoneos macosx";
				SWIFT_VERSION = 5.0;
				TARGETED_DEVICE_FAMILY = "1,2";
			};
			name = Release;
		};
/* End XCBuildConfiguration section */

/* Begin XCConfigurationList section */
		FD61BAEC25183BA5002376D9 /* Build configuration list for PBXNativeTarget "UseCasesIntegrationTests" */ = {
			isa = XCConfigurationList;
			buildConfigurations = (
				FD61BAED25183BA5002376D9 /* Debug */,
				FD61BAEE25183BA5002376D9 /* Release */,
			);
			defaultConfigurationIsVisible = 0;
			defaultConfigurationName = Release;
		};
		FD61BB0B2518410F002376D9 /* Build configuration list for PBXNativeTarget "Presentation" */ = {
			isa = XCConfigurationList;
			buildConfigurations = (
				FD61BB0C2518410F002376D9 /* Debug */,
				FD61BB0D2518410F002376D9 /* Release */,
			);
			defaultConfigurationIsVisible = 0;
			defaultConfigurationName = Release;
		};
		FD61BB0E2518410F002376D9 /* Build configuration list for PBXNativeTarget "PresentationTests" */ = {
			isa = XCConfigurationList;
			buildConfigurations = (
				FD61BB0F2518410F002376D9 /* Debug */,
				FD61BB102518410F002376D9 /* Release */,
			);
			defaultConfigurationIsVisible = 0;
			defaultConfigurationName = Release;
		};
		FDA80A6225240C99008C690D /* Build configuration list for PBXNativeTarget "UI" */ = {
			isa = XCConfigurationList;
			buildConfigurations = (
				FDA80A6325240C99008C690D /* Debug */,
				FDA80A6425240C99008C690D /* Release */,
			);
			defaultConfigurationIsVisible = 0;
			defaultConfigurationName = Release;
		};
		FDA80A6525240C99008C690D /* Build configuration list for PBXNativeTarget "UITests" */ = {
			isa = XCConfigurationList;
			buildConfigurations = (
				FDA80A6625240C99008C690D /* Debug */,
				FDA80A6725240C99008C690D /* Release */,
			);
			defaultConfigurationIsVisible = 0;
			defaultConfigurationName = Release;
		};
		FDDC8C3F250B14180023B465 /* Build configuration list for PBXNativeTarget "Infra" */ = {
			isa = XCConfigurationList;
			buildConfigurations = (
				FDDC8C40250B14180023B465 /* Debug */,
				FDDC8C41250B14180023B465 /* Release */,
			);
			defaultConfigurationIsVisible = 0;
			defaultConfigurationName = Release;
		};
		FDDC8C42250B14180023B465 /* Build configuration list for PBXNativeTarget "InfraTests" */ = {
			isa = XCConfigurationList;
			buildConfigurations = (
				FDDC8C43250B14180023B465 /* Debug */,
				FDDC8C44250B14180023B465 /* Release */,
			);
			defaultConfigurationIsVisible = 0;
			defaultConfigurationName = Release;
		};
		FDE632CB2505E88E00EDBF9C /* Build configuration list for PBXProject "CleanApp" */ = {
			isa = XCConfigurationList;
			buildConfigurations = (
				FDE632D72505E88F00EDBF9C /* Debug */,
				FDE632D82505E88F00EDBF9C /* Release */,
			);
			defaultConfigurationIsVisible = 0;
			defaultConfigurationName = Release;
		};
		FDE632E62505E8D200EDBF9C /* Build configuration list for PBXNativeTarget "Domain" */ = {
			isa = XCConfigurationList;
			buildConfigurations = (
				FDE632E72505E8D200EDBF9C /* Debug */,
				FDE632E82505E8D200EDBF9C /* Release */,
			);
			defaultConfigurationIsVisible = 0;
			defaultConfigurationName = Release;
		};
		FDE633032505E9E500EDBF9C /* Build configuration list for PBXNativeTarget "Data" */ = {
			isa = XCConfigurationList;
			buildConfigurations = (
				FDE633042505E9E500EDBF9C /* Debug */,
				FDE633052505E9E500EDBF9C /* Release */,
			);
			defaultConfigurationIsVisible = 0;
			defaultConfigurationName = Release;
		};
		FDE633062505E9E500EDBF9C /* Build configuration list for PBXNativeTarget "DataTests" */ = {
			isa = XCConfigurationList;
			buildConfigurations = (
				FDE633072505E9E500EDBF9C /* Debug */,
				FDE633082505E9E500EDBF9C /* Release */,
			);
			defaultConfigurationIsVisible = 0;
			defaultConfigurationName = Release;
		};
/* End XCConfigurationList section */

/* Begin XCRemoteSwiftPackageReference section */
		FDDC8C51250B182A0023B465 /* XCRemoteSwiftPackageReference "Alamofire" */ = {
			isa = XCRemoteSwiftPackageReference;
			repositoryURL = "https://github.com/Alamofire/Alamofire.git";
			requirement = {
				kind = upToNextMajorVersion;
				minimumVersion = 5.2.2;
			};
		};
/* End XCRemoteSwiftPackageReference section */

/* Begin XCSwiftPackageProductDependency section */
		FDDC8C52250B182A0023B465 /* Alamofire */ = {
			isa = XCSwiftPackageProductDependency;
			package = FDDC8C51250B182A0023B465 /* XCRemoteSwiftPackageReference "Alamofire" */;
			productName = Alamofire;
		};
/* End XCSwiftPackageProductDependency section */
	};
	rootObject = FDE632C82505E88E00EDBF9C /* Project object */;
}
